// !$*UTF8*$!
{
	archiveVersion = 1;
	classes = {
	};
	objectVersion = 46;
	objects = {

/* Begin PBXBuildFile section */
		420A007A1E31C7CF00525DB0 /* Alamofire.framework in Frameworks */ = {isa = PBXBuildFile; fileRef = 420A006D1E31C6D400525DB0 /* Alamofire.framework */; };
		420A007B1E31C7CF00525DB0 /* Alamofire.framework in Embed Frameworks */ = {isa = PBXBuildFile; fileRef = 420A006D1E31C6D400525DB0 /* Alamofire.framework */; settings = {ATTRIBUTES = (CodeSignOnCopy, RemoveHeadersOnCopy, ); }; };
		4217546E1E5530AD00620E69 /* MediaCaptionView.swift in Sources */ = {isa = PBXBuildFile; fileRef = 4217546D1E5530AD00620E69 /* MediaCaptionView.swift */; };
		421D0D201F78495A003A0A76 /* UITableView_ext.swift in Sources */ = {isa = PBXBuildFile; fileRef = 421D0D1F1F78495A003A0A76 /* UITableView_ext.swift */; };
		421D0D211F78495A003A0A76 /* UITableView_ext.swift in Sources */ = {isa = PBXBuildFile; fileRef = 421D0D1F1F78495A003A0A76 /* UITableView_ext.swift */; };
		422BEB781FA8541B0073BDF5 /* SwiftyDraw.swift in Sources */ = {isa = PBXBuildFile; fileRef = 422BEB671FA8541B0073BDF5 /* SwiftyDraw.swift */; };
		422BEB791FA8541F0073BDF5 /* SwiftyDraw.swift in Sources */ = {isa = PBXBuildFile; fileRef = 422BEB671FA8541B0073BDF5 /* SwiftyDraw.swift */; };
		422BEB7B1FA855430073BDF5 /* TextCaptionView.swift in Sources */ = {isa = PBXBuildFile; fileRef = 422BEB7A1FA855430073BDF5 /* TextCaptionView.swift */; };
		422BEB7C1FA855430073BDF5 /* TextCaptionView.swift in Sources */ = {isa = PBXBuildFile; fileRef = 422BEB7A1FA855430073BDF5 /* TextCaptionView.swift */; };
		422BEB7E1FA8561F0073BDF5 /* DrawCaptionView.swift in Sources */ = {isa = PBXBuildFile; fileRef = 422BEB7D1FA8561F0073BDF5 /* DrawCaptionView.swift */; };
		422BEB7F1FA8561F0073BDF5 /* DrawCaptionView.swift in Sources */ = {isa = PBXBuildFile; fileRef = 422BEB7D1FA8561F0073BDF5 /* DrawCaptionView.swift */; };
		4241B8181E4DB8F5003CA796 /* UIImage_ext.swift in Sources */ = {isa = PBXBuildFile; fileRef = 4241B8171E4DB8F5003CA796 /* UIImage_ext.swift */; };
		4241B81A1E4DC197003CA796 /* StoryView.swift in Sources */ = {isa = PBXBuildFile; fileRef = 4241B8191E4DC197003CA796 /* StoryView.swift */; };
		4241B81C1E4DC208003CA796 /* StoryView.xib in Resources */ = {isa = PBXBuildFile; fileRef = 4241B81B1E4DC208003CA796 /* StoryView.xib */; };
		4247F5FC1F983A7700552518 /* SwiftyGifManager.swift in Sources */ = {isa = PBXBuildFile; fileRef = 42F3EABD1F80CD4B004D799D /* SwiftyGifManager.swift */; };
		4247F5FD1F983A7A00552518 /* UIImage+SwiftyGif.swift in Sources */ = {isa = PBXBuildFile; fileRef = 42F3EABE1F80CD4B004D799D /* UIImage+SwiftyGif.swift */; };
		4247F5FE1F983A7C00552518 /* UIImageView+SwiftyGif.swift in Sources */ = {isa = PBXBuildFile; fileRef = 42F3EABF1F80CD4C004D799D /* UIImageView+SwiftyGif.swift */; };
		42502DEC1E9B4BD8009B7E2E /* UserNetworker.swift in Sources */ = {isa = PBXBuildFile; fileRef = 42502DEB1E9B4BD8009B7E2E /* UserNetworker.swift */; };
		425398C61E497D5B00097934 /* Group.swift in Sources */ = {isa = PBXBuildFile; fileRef = 425398C51E497D5B00097934 /* Group.swift */; };
		425398C81E4985AB00097934 /* SwiftyJSON.swift in Sources */ = {isa = PBXBuildFile; fileRef = 425398C71E4985AB00097934 /* SwiftyJSON.swift */; };
		425398CA1E49923B00097934 /* SendGroupTV.swift in Sources */ = {isa = PBXBuildFile; fileRef = 425398C91E49923B00097934 /* SendGroupTV.swift */; };
		4259F4A41EB1B8E200866D12 /* Enum.swift in Sources */ = {isa = PBXBuildFile; fileRef = 4259F49F1EB1B8E200866D12 /* Enum.swift */; };
		4259F4A51EB1B8E200866D12 /* FontAwesome.otf in Resources */ = {isa = PBXBuildFile; fileRef = 4259F4A11EB1B8E200866D12 /* FontAwesome.otf */; };
		4259F4A61EB1B8E200866D12 /* FontAwesome.swift in Sources */ = {isa = PBXBuildFile; fileRef = 4259F4A21EB1B8E200866D12 /* FontAwesome.swift */; };
		4259F4A71EB1B8E200866D12 /* FontAwesomeView.swift in Sources */ = {isa = PBXBuildFile; fileRef = 4259F4A31EB1B8E200866D12 /* FontAwesomeView.swift */; };
		425D40631E4330A600CBD8CB /* AddMarbleCodeVC.swift in Sources */ = {isa = PBXBuildFile; fileRef = 425D40621E4330A600CBD8CB /* AddMarbleCodeVC.swift */; };
		425D40651E4331EC00CBD8CB /* NumPlaceholderButton.swift in Sources */ = {isa = PBXBuildFile; fileRef = 425D40641E4331EC00CBD8CB /* NumPlaceholderButton.swift */; };
		425F35621EB1BA440014F90F /* Enum.swift in Sources */ = {isa = PBXBuildFile; fileRef = 4259F49F1EB1B8E200866D12 /* Enum.swift */; };
		425F35731EB1BA4A0014F90F /* FontAwesome.otf in Resources */ = {isa = PBXBuildFile; fileRef = 4259F4A11EB1B8E200866D12 /* FontAwesome.otf */; };
		425F35741EB1BA520014F90F /* FontAwesome.swift in Sources */ = {isa = PBXBuildFile; fileRef = 4259F4A21EB1B8E200866D12 /* FontAwesome.swift */; };
		425F35751EB1BA540014F90F /* FontAwesomeView.swift in Sources */ = {isa = PBXBuildFile; fileRef = 4259F4A31EB1B8E200866D12 /* FontAwesomeView.swift */; };
		425F357A1EB687530014F90F /* User.swift in Sources */ = {isa = PBXBuildFile; fileRef = 425F35791EB687530014F90F /* User.swift */; };
		425F357B1EB687530014F90F /* User.swift in Sources */ = {isa = PBXBuildFile; fileRef = 425F35791EB687530014F90F /* User.swift */; };
		42623CBF1E3B0B5A0068D4FA /* AuthNetworker.swift in Sources */ = {isa = PBXBuildFile; fileRef = 42623CBE1E3B0B5A0068D4FA /* AuthNetworker.swift */; };
		42623CC11E3B0BE10068D4FA /* Networker.swift in Sources */ = {isa = PBXBuildFile; fileRef = 42623CC01E3B0BE10068D4FA /* Networker.swift */; };
		42665C6B1F78C5F4004BEA74 /* focus.gif in Resources */ = {isa = PBXBuildFile; fileRef = 42665C6A1F78C5F4004BEA74 /* focus.gif */; };
		426E24CA1E4ABD6400F24992 /* Constants.swift in Sources */ = {isa = PBXBuildFile; fileRef = 426E24C91E4ABD6400F24992 /* Constants.swift */; };
		426FB0471E55A618000AFAF9 /* GroupTVCell.swift in Sources */ = {isa = PBXBuildFile; fileRef = 426FB0461E55A618000AFAF9 /* GroupTVCell.swift */; };
		427FFC741E3B1F600007159C /* AlamofireNetworkActivityIndicator.framework in Frameworks */ = {isa = PBXBuildFile; fileRef = 427FFC711E3B1F470007159C /* AlamofireNetworkActivityIndicator.framework */; };
		427FFC751E3B1F600007159C /* AlamofireNetworkActivityIndicator.framework in Embed Frameworks */ = {isa = PBXBuildFile; fileRef = 427FFC711E3B1F470007159C /* AlamofireNetworkActivityIndicator.framework */; settings = {ATTRIBUTES = (CodeSignOnCopy, RemoveHeadersOnCopy, ); }; };
		428AED4A1F802D7C00F2C450 /* SwiftyCamViewControllerDelegate.swift in Sources */ = {isa = PBXBuildFile; fileRef = 42F2CBE71F71DC220042F691 /* SwiftyCamViewControllerDelegate.swift */; };
		428AED4B1F802D8100F2C450 /* Orientation.swift in Sources */ = {isa = PBXBuildFile; fileRef = 42F2CBE81F71DC220042F691 /* Orientation.swift */; };
		428AED4C1F802D8100F2C450 /* PreviewView.swift in Sources */ = {isa = PBXBuildFile; fileRef = 42F2CBE91F71DC220042F691 /* PreviewView.swift */; };
		428AED4D1F802D8100F2C450 /* SwiftyCamButton.swift in Sources */ = {isa = PBXBuildFile; fileRef = 42F2CBEB1F71DC220042F691 /* SwiftyCamButton.swift */; };
		428AED4E1F802D8100F2C450 /* SwiftyCamViewController.swift in Sources */ = {isa = PBXBuildFile; fileRef = 42F2CBEA1F71DC220042F691 /* SwiftyCamViewController.swift */; };
		428CD7A81E8C788A00BEB5BA /* LaunchDEV.storyboard in Resources */ = {isa = PBXBuildFile; fileRef = 428CD7A71E8C788A00BEB5BA /* LaunchDEV.storyboard */; };
		4295B8A31E84C1880091C08B /* NoGroupsView.xib in Resources */ = {isa = PBXBuildFile; fileRef = 4295B8A21E84C1880091C08B /* NoGroupsView.xib */; };
		4295B8A71E84C21E0091C08B /* NoGroupsView.swift in Sources */ = {isa = PBXBuildFile; fileRef = 4295B8A61E84C21E0091C08B /* NoGroupsView.swift */; };
		4295B8A91E84C2E70091C08B /* AddMarble.storyboard in Resources */ = {isa = PBXBuildFile; fileRef = 4295B8A81E84C2E70091C08B /* AddMarble.storyboard */; };
		429991461E4D4F9D0049608F /* SCLAlertView.swift in Sources */ = {isa = PBXBuildFile; fileRef = 429991441E4D4F9D0049608F /* SCLAlertView.swift */; };
		429991471E4D4F9D0049608F /* SCLExtensions.swift in Sources */ = {isa = PBXBuildFile; fileRef = 429991451E4D4F9D0049608F /* SCLExtensions.swift */; };
		4299914C1E4D55A20049608F /* State.swift in Sources */ = {isa = PBXBuildFile; fileRef = 4299914B1E4D55A20049608F /* State.swift */; };
		4299914E1E4D56CD0049608F /* Groups.swift in Sources */ = {isa = PBXBuildFile; fileRef = 4299914D1E4D56CD0049608F /* Groups.swift */; };
		429991501E4DA0C90049608F /* StoryNetworker.swift in Sources */ = {isa = PBXBuildFile; fileRef = 4299914F1E4DA0C90049608F /* StoryNetworker.swift */; };
		429991521E4DA1860049608F /* Stories.swift in Sources */ = {isa = PBXBuildFile; fileRef = 429991511E4DA1860049608F /* Stories.swift */; };
		429991541E4DA1F20049608F /* Story.swift in Sources */ = {isa = PBXBuildFile; fileRef = 429991531E4DA1F20049608F /* Story.swift */; };
		4299916F1E4DAF000049608F /* AlamofireImage.framework in Frameworks */ = {isa = PBXBuildFile; fileRef = 429991621E4DAEB90049608F /* AlamofireImage.framework */; };
		429991701E4DAF000049608F /* AlamofireImage.framework in Embed Frameworks */ = {isa = PBXBuildFile; fileRef = 429991621E4DAEB90049608F /* AlamofireImage.framework */; settings = {ATTRIBUTES = (CodeSignOnCopy, RemoveHeadersOnCopy, ); }; };
		429AF4061E486C0800475461 /* CreateMarbleVC.swift in Sources */ = {isa = PBXBuildFile; fileRef = 429AF4051E486C0800475461 /* CreateMarbleVC.swift */; };
		429AF4121E48872600475461 /* GroupTVCell.xib in Resources */ = {isa = PBXBuildFile; fileRef = 429AF4101E48872600475461 /* GroupTVCell.xib */; };
		42A228BD1EAFE07300496392 /* CaptionView.xib in Resources */ = {isa = PBXBuildFile; fileRef = 42A228BC1EAFE07300496392 /* CaptionView.xib */; };
		42A228BE1EAFE07300496392 /* CaptionView.xib in Resources */ = {isa = PBXBuildFile; fileRef = 42A228BC1EAFE07300496392 /* CaptionView.xib */; };
		42A228D01EAFE19D00496392 /* CaptionView.swift in Sources */ = {isa = PBXBuildFile; fileRef = 42A228CF1EAFE19D00496392 /* CaptionView.swift */; };
		42A228D11EAFE19D00496392 /* CaptionView.swift in Sources */ = {isa = PBXBuildFile; fileRef = 42A228CF1EAFE19D00496392 /* CaptionView.swift */; };
		42A228D31EAFE25500496392 /* Comment.swift in Sources */ = {isa = PBXBuildFile; fileRef = 42A228D21EAFE25500496392 /* Comment.swift */; };
		42A228D41EAFE25500496392 /* Comment.swift in Sources */ = {isa = PBXBuildFile; fileRef = 42A228D21EAFE25500496392 /* Comment.swift */; };
		42AECD441FA29B5100AA1B3F /* focus.gif in Resources */ = {isa = PBXBuildFile; fileRef = 42665C6A1F78C5F4004BEA74 /* focus.gif */; };
		42B52BF91E9B6A40006D831A /* UserNetworker.swift in Sources */ = {isa = PBXBuildFile; fileRef = 42502DEB1E9B4BD8009B7E2E /* UserNetworker.swift */; };
		42B52C0B1E9B773E006D831A /* Users.swift in Sources */ = {isa = PBXBuildFile; fileRef = 42B52C0A1E9B773E006D831A /* Users.swift */; };
		42B52C0C1E9B773E006D831A /* Users.swift in Sources */ = {isa = PBXBuildFile; fileRef = 42B52C0A1E9B773E006D831A /* Users.swift */; };
		42C62EC71E8E4D1000E042E9 /* Launch.storyboard in Resources */ = {isa = PBXBuildFile; fileRef = 42C62EC61E8E4D1000E042E9 /* Launch.storyboard */; };
		42CC20711E42FCCC00EC419A /* Left.storyboard in Resources */ = {isa = PBXBuildFile; fileRef = 42CC20701E42FCCC00EC419A /* Left.storyboard */; };
		42CC20811E43238800EC419A /* NumberButton.swift in Sources */ = {isa = PBXBuildFile; fileRef = 42CC20801E43238800EC419A /* NumberButton.swift */; };
		42D1F5BA1E4453E200BBCE82 /* GroupNetworker.swift in Sources */ = {isa = PBXBuildFile; fileRef = 42D1F5B91E4453E200BBCE82 /* GroupNetworker.swift */; };
		42D1F5C51E4460E100BBCE82 /* UIApplication_ext.swift in Sources */ = {isa = PBXBuildFile; fileRef = 42D1F5C41E4460E100BBCE82 /* UIApplication_ext.swift */; };
		42D5758A1E37164C0094037D /* KeychainWrapper_ext.swift in Sources */ = {isa = PBXBuildFile; fileRef = 42D575871E37164C0094037D /* KeychainWrapper_ext.swift */; };
		42D5758B1E37164C0094037D /* Data_ext.swift in Sources */ = {isa = PBXBuildFile; fileRef = 42D575881E37164C0094037D /* Data_ext.swift */; };
		42D5758C1E37164C0094037D /* UIView_ext.swift in Sources */ = {isa = PBXBuildFile; fileRef = 42D575891E37164C0094037D /* UIView_ext.swift */; };
		42D575901E3717ED0094037D /* KeychainItemAccessibility.swift in Sources */ = {isa = PBXBuildFile; fileRef = 42D5758E1E3717ED0094037D /* KeychainItemAccessibility.swift */; };
		42D575911E3717ED0094037D /* KeychainWrapper.swift in Sources */ = {isa = PBXBuildFile; fileRef = 42D5758F1E3717ED0094037D /* KeychainWrapper.swift */; };
		42D575991E371F0E0094037D /* Auth.storyboard in Resources */ = {isa = PBXBuildFile; fileRef = 42D575951E371F0E0094037D /* Auth.storyboard */; };
		42D5759A1E371F0E0094037D /* ViewPickDest.xib in Resources */ = {isa = PBXBuildFile; fileRef = 42D575961E371F0E0094037D /* ViewPickDest.xib */; };
		42D5759B1E371F0E0094037D /* ViewRight.xib in Resources */ = {isa = PBXBuildFile; fileRef = 42D575971E371F0E0094037D /* ViewRight.xib */; };
		42D575A21E371F220094037D /* ViewPickDest.swift in Sources */ = {isa = PBXBuildFile; fileRef = 42D5759E1E371F220094037D /* ViewPickDest.swift */; };
		42D575A31E371F220094037D /* ViewController.swift in Sources */ = {isa = PBXBuildFile; fileRef = 42D5759F1E371F220094037D /* ViewController.swift */; };
		42D575A41E371F220094037D /* ViewRight.swift in Sources */ = {isa = PBXBuildFile; fileRef = 42D575A01E371F220094037D /* ViewRight.swift */; };
		42D575A51E371F220094037D /* ViewLeft.swift in Sources */ = {isa = PBXBuildFile; fileRef = 42D575A11E371F220094037D /* ViewLeft.swift */; };
		42D575A71E3720440094037D /* AuthViewController.swift in Sources */ = {isa = PBXBuildFile; fileRef = 42D575A61E3720440094037D /* AuthViewController.swift */; };
		42E13D8B1E8DE4DA0016FA76 /* AuthSignUpVC.swift in Sources */ = {isa = PBXBuildFile; fileRef = 42E13D8A1E8DE4DA0016FA76 /* AuthSignUpVC.swift */; };
		42E13D8D1E8DF2340016FA76 /* AuthLoginVC.swift in Sources */ = {isa = PBXBuildFile; fileRef = 42E13D8C1E8DF2340016FA76 /* AuthLoginVC.swift */; };
		42E13D981E8E46610016FA76 /* AuthSignUpVC.swift in Sources */ = {isa = PBXBuildFile; fileRef = 42E13D8A1E8DE4DA0016FA76 /* AuthSignUpVC.swift */; };
		42E13D991E8E46610016FA76 /* AddMarbleCodeVC.swift in Sources */ = {isa = PBXBuildFile; fileRef = 425D40621E4330A600CBD8CB /* AddMarbleCodeVC.swift */; };
		42E13D9A1E8E46610016FA76 /* SCLExtensions.swift in Sources */ = {isa = PBXBuildFile; fileRef = 429991451E4D4F9D0049608F /* SCLExtensions.swift */; };
		42E13D9B1E8E46610016FA76 /* NoGroupsView.swift in Sources */ = {isa = PBXBuildFile; fileRef = 4295B8A61E84C21E0091C08B /* NoGroupsView.swift */; };
		42E13D9C1E8E46610016FA76 /* AuthNetworker.swift in Sources */ = {isa = PBXBuildFile; fileRef = 42623CBE1E3B0B5A0068D4FA /* AuthNetworker.swift */; };
		42E13D9D1E8E46610016FA76 /* Story.swift in Sources */ = {isa = PBXBuildFile; fileRef = 429991531E4DA1F20049608F /* Story.swift */; };
		42E13D9E1E8E46610016FA76 /* UIImage_ext.swift in Sources */ = {isa = PBXBuildFile; fileRef = 4241B8171E4DB8F5003CA796 /* UIImage_ext.swift */; };
		42E13D9F1E8E46610016FA76 /* Group.swift in Sources */ = {isa = PBXBuildFile; fileRef = 425398C51E497D5B00097934 /* Group.swift */; };
		42E13DA01E8E46610016FA76 /* Networker.swift in Sources */ = {isa = PBXBuildFile; fileRef = 42623CC01E3B0BE10068D4FA /* Networker.swift */; };
		42E13DA11E8E46610016FA76 /* MediaCaptionView.swift in Sources */ = {isa = PBXBuildFile; fileRef = 4217546D1E5530AD00620E69 /* MediaCaptionView.swift */; };
		42E13DA31E8E46610016FA76 /* AuthLoginVC.swift in Sources */ = {isa = PBXBuildFile; fileRef = 42E13D8C1E8DF2340016FA76 /* AuthLoginVC.swift */; };
		42E13DA41E8E46610016FA76 /* AuthViewController.swift in Sources */ = {isa = PBXBuildFile; fileRef = 42D575A61E3720440094037D /* AuthViewController.swift */; };
		42E13DA51E8E46610016FA76 /* State.swift in Sources */ = {isa = PBXBuildFile; fileRef = 4299914B1E4D55A20049608F /* State.swift */; };
		42E13DA61E8E46610016FA76 /* CreateMarbleVC.swift in Sources */ = {isa = PBXBuildFile; fileRef = 429AF4051E486C0800475461 /* CreateMarbleVC.swift */; };
		42E13DA71E8E46610016FA76 /* Groups.swift in Sources */ = {isa = PBXBuildFile; fileRef = 4299914D1E4D56CD0049608F /* Groups.swift */; };
		42E13DA81E8E46610016FA76 /* AppDelegate.swift in Sources */ = {isa = PBXBuildFile; fileRef = 952AF8051DAB363D005E60C7 /* AppDelegate.swift */; };
		42E13DA91E8E46610016FA76 /* UIView_ext.swift in Sources */ = {isa = PBXBuildFile; fileRef = 42D575891E37164C0094037D /* UIView_ext.swift */; };
		42E13DAA1E8E46610016FA76 /* ViewPickDest.swift in Sources */ = {isa = PBXBuildFile; fileRef = 42D5759E1E371F220094037D /* ViewPickDest.swift */; };
		42E13DAB1E8E46610016FA76 /* GroupTVCell.swift in Sources */ = {isa = PBXBuildFile; fileRef = 426FB0461E55A618000AFAF9 /* GroupTVCell.swift */; };
		42E13DAC1E8E46610016FA76 /* SwiftyJSON.swift in Sources */ = {isa = PBXBuildFile; fileRef = 425398C71E4985AB00097934 /* SwiftyJSON.swift */; };
		42E13DAD1E8E46610016FA76 /* NumberButton.swift in Sources */ = {isa = PBXBuildFile; fileRef = 42CC20801E43238800EC419A /* NumberButton.swift */; };
		42E13DAE1E8E46610016FA76 /* Router.swift in Sources */ = {isa = PBXBuildFile; fileRef = 42F7906B1E39C7B500D3B2AF /* Router.swift */; };
		42E13DAF1E8E46610016FA76 /* StoryNetworker.swift in Sources */ = {isa = PBXBuildFile; fileRef = 4299914F1E4DA0C90049608F /* StoryNetworker.swift */; };
		42E13DB01E8E46610016FA76 /* KeychainItemAccessibility.swift in Sources */ = {isa = PBXBuildFile; fileRef = 42D5758E1E3717ED0094037D /* KeychainItemAccessibility.swift */; };
		42E13DB11E8E46610016FA76 /* Data_ext.swift in Sources */ = {isa = PBXBuildFile; fileRef = 42D575881E37164C0094037D /* Data_ext.swift */; };
		42E13DB21E8E46610016FA76 /* ViewLeft.swift in Sources */ = {isa = PBXBuildFile; fileRef = 42D575A11E371F220094037D /* ViewLeft.swift */; };
		42E13DB31E8E46610016FA76 /* UIApplication_ext.swift in Sources */ = {isa = PBXBuildFile; fileRef = 42D1F5C41E4460E100BBCE82 /* UIApplication_ext.swift */; };
		42E13DB41E8E46610016FA76 /* GroupNetworker.swift in Sources */ = {isa = PBXBuildFile; fileRef = 42D1F5B91E4453E200BBCE82 /* GroupNetworker.swift */; };
		42E13DB51E8E46610016FA76 /* UploadNetworker.swift in Sources */ = {isa = PBXBuildFile; fileRef = 42F11AC81E405602005BFE0E /* UploadNetworker.swift */; };
		42E13DB61E8E46610016FA76 /* KeychainWrapper_ext.swift in Sources */ = {isa = PBXBuildFile; fileRef = 42D575871E37164C0094037D /* KeychainWrapper_ext.swift */; };
		42E13DB71E8E46610016FA76 /* StoryView.swift in Sources */ = {isa = PBXBuildFile; fileRef = 4241B8191E4DC197003CA796 /* StoryView.swift */; };
		42E13DB81E8E46610016FA76 /* SendGroupTV.swift in Sources */ = {isa = PBXBuildFile; fileRef = 425398C91E49923B00097934 /* SendGroupTV.swift */; };
		42E13DB91E8E46610016FA76 /* NumPlaceholderButton.swift in Sources */ = {isa = PBXBuildFile; fileRef = 425D40641E4331EC00CBD8CB /* NumPlaceholderButton.swift */; };
		42E13DBA1E8E46610016FA76 /* Stories.swift in Sources */ = {isa = PBXBuildFile; fileRef = 429991511E4DA1860049608F /* Stories.swift */; };
		42E13DBB1E8E46610016FA76 /* ViewRight.swift in Sources */ = {isa = PBXBuildFile; fileRef = 42D575A01E371F220094037D /* ViewRight.swift */; };
		42E13DBC1E8E46610016FA76 /* ViewController.swift in Sources */ = {isa = PBXBuildFile; fileRef = 42D5759F1E371F220094037D /* ViewController.swift */; };
		42E13DBD1E8E46610016FA76 /* KeychainWrapper.swift in Sources */ = {isa = PBXBuildFile; fileRef = 42D5758F1E3717ED0094037D /* KeychainWrapper.swift */; };
		42E13DBE1E8E46610016FA76 /* SCLAlertView.swift in Sources */ = {isa = PBXBuildFile; fileRef = 429991441E4D4F9D0049608F /* SCLAlertView.swift */; };
		42E13DBF1E8E46610016FA76 /* Constants.swift in Sources */ = {isa = PBXBuildFile; fileRef = 426E24C91E4ABD6400F24992 /* Constants.swift */; };
		42E13DC11E8E46610016FA76 /* AlamofireImage.framework in Frameworks */ = {isa = PBXBuildFile; fileRef = 429991621E4DAEB90049608F /* AlamofireImage.framework */; };
		42E13DC21E8E46610016FA76 /* Alamofire.framework in Frameworks */ = {isa = PBXBuildFile; fileRef = 420A006D1E31C6D400525DB0 /* Alamofire.framework */; };
		42E13DC31E8E46610016FA76 /* AlamofireNetworkActivityIndicator.framework in Frameworks */ = {isa = PBXBuildFile; fileRef = 427FFC711E3B1F470007159C /* AlamofireNetworkActivityIndicator.framework */; };
		42E13DC51E8E46610016FA76 /* Auth.storyboard in Resources */ = {isa = PBXBuildFile; fileRef = 42D575951E371F0E0094037D /* Auth.storyboard */; };
		42E13DC61E8E46610016FA76 /* Left.storyboard in Resources */ = {isa = PBXBuildFile; fileRef = 42CC20701E42FCCC00EC419A /* Left.storyboard */; };
		42E13DC71E8E46610016FA76 /* ViewRight.xib in Resources */ = {isa = PBXBuildFile; fileRef = 42D575971E371F0E0094037D /* ViewRight.xib */; };
		42E13DC81E8E46610016FA76 /* GroupTVCell.xib in Resources */ = {isa = PBXBuildFile; fileRef = 429AF4101E48872600475461 /* GroupTVCell.xib */; };
		42E13DC91E8E46610016FA76 /* ViewPickDest.xib in Resources */ = {isa = PBXBuildFile; fileRef = 42D575961E371F0E0094037D /* ViewPickDest.xib */; };
		42E13DCB1E8E46610016FA76 /* Assets.xcassets in Resources */ = {isa = PBXBuildFile; fileRef = 952AF80C1DAB363D005E60C7 /* Assets.xcassets */; };
		42E13DCC1E8E46610016FA76 /* NoGroupsView.xib in Resources */ = {isa = PBXBuildFile; fileRef = 4295B8A21E84C1880091C08B /* NoGroupsView.xib */; };
		42E13DCD1E8E46610016FA76 /* Main.storyboard in Resources */ = {isa = PBXBuildFile; fileRef = 952AF8091DAB363D005E60C7 /* Main.storyboard */; };
		42E13DCE1E8E46610016FA76 /* LaunchDEV.storyboard in Resources */ = {isa = PBXBuildFile; fileRef = 428CD7A71E8C788A00BEB5BA /* LaunchDEV.storyboard */; };
		42E13DCF1E8E46610016FA76 /* AddMarble.storyboard in Resources */ = {isa = PBXBuildFile; fileRef = 4295B8A81E84C2E70091C08B /* AddMarble.storyboard */; };
		42E13DD01E8E46610016FA76 /* StoryView.xib in Resources */ = {isa = PBXBuildFile; fileRef = 4241B81B1E4DC208003CA796 /* StoryView.xib */; };
		42E13DD21E8E46610016FA76 /* AlamofireImage.framework in Embed Frameworks */ = {isa = PBXBuildFile; fileRef = 429991621E4DAEB90049608F /* AlamofireImage.framework */; settings = {ATTRIBUTES = (CodeSignOnCopy, RemoveHeadersOnCopy, ); }; };
		42E13DD31E8E46610016FA76 /* Alamofire.framework in Embed Frameworks */ = {isa = PBXBuildFile; fileRef = 420A006D1E31C6D400525DB0 /* Alamofire.framework */; settings = {ATTRIBUTES = (CodeSignOnCopy, RemoveHeadersOnCopy, ); }; };
		42E13DD41E8E46610016FA76 /* AlamofireNetworkActivityIndicator.framework in Embed Frameworks */ = {isa = PBXBuildFile; fileRef = 427FFC711E3B1F470007159C /* AlamofireNetworkActivityIndicator.framework */; settings = {ATTRIBUTES = (CodeSignOnCopy, RemoveHeadersOnCopy, ); }; };
		42E13DDD1E8E4B4B0016FA76 /* Info-Dev.plist in Resources */ = {isa = PBXBuildFile; fileRef = 42E13DDC1E8E4B4B0016FA76 /* Info-Dev.plist */; };
		42F11AC91E405602005BFE0E /* UploadNetworker.swift in Sources */ = {isa = PBXBuildFile; fileRef = 42F11AC81E405602005BFE0E /* UploadNetworker.swift */; };
		42F2CBEC1F71DC220042F691 /* SwiftyCamViewControllerDelegate.swift in Sources */ = {isa = PBXBuildFile; fileRef = 42F2CBE71F71DC220042F691 /* SwiftyCamViewControllerDelegate.swift */; };
		42F2CBED1F71DC220042F691 /* Orientation.swift in Sources */ = {isa = PBXBuildFile; fileRef = 42F2CBE81F71DC220042F691 /* Orientation.swift */; };
		42F2CBEE1F71DC220042F691 /* PreviewView.swift in Sources */ = {isa = PBXBuildFile; fileRef = 42F2CBE91F71DC220042F691 /* PreviewView.swift */; };
		42F2CBEF1F71DC220042F691 /* SwiftyCamViewController.swift in Sources */ = {isa = PBXBuildFile; fileRef = 42F2CBEA1F71DC220042F691 /* SwiftyCamViewController.swift */; };
		42F2CBF01F71DC220042F691 /* SwiftyCamButton.swift in Sources */ = {isa = PBXBuildFile; fileRef = 42F2CBEB1F71DC220042F691 /* SwiftyCamButton.swift */; };
		42F3EAC01F80CD4C004D799D /* SwiftyGifManager.swift in Sources */ = {isa = PBXBuildFile; fileRef = 42F3EABD1F80CD4B004D799D /* SwiftyGifManager.swift */; };
		42F3EAC11F80CD4C004D799D /* UIImage+SwiftyGif.swift in Sources */ = {isa = PBXBuildFile; fileRef = 42F3EABE1F80CD4B004D799D /* UIImage+SwiftyGif.swift */; };
		42F3EAC21F80CD4C004D799D /* UIImageView+SwiftyGif.swift in Sources */ = {isa = PBXBuildFile; fileRef = 42F3EABF1F80CD4C004D799D /* UIImageView+SwiftyGif.swift */; };
		42F3EACA1F8773C2004D799D /* GroupCollectionCell.xib in Resources */ = {isa = PBXBuildFile; fileRef = 42F3EAC71F8773C2004D799D /* GroupCollectionCell.xib */; };
		42F3EACB1F8773C2004D799D /* GroupCollectionCell.xib in Resources */ = {isa = PBXBuildFile; fileRef = 42F3EAC71F8773C2004D799D /* GroupCollectionCell.xib */; };
		42F3EACD1F877405004D799D /* GroupCollectionCell.swift in Sources */ = {isa = PBXBuildFile; fileRef = 42F3EACC1F877404004D799D /* GroupCollectionCell.swift */; };
		42F3EACE1F877405004D799D /* GroupCollectionCell.swift in Sources */ = {isa = PBXBuildFile; fileRef = 42F3EACC1F877404004D799D /* GroupCollectionCell.swift */; };
		42F7906C1E39C7B500D3B2AF /* Router.swift in Sources */ = {isa = PBXBuildFile; fileRef = 42F7906B1E39C7B500D3B2AF /* Router.swift */; };
		42F8C0C11EA6A4EF00AFD4D4 /* Common.swift in Sources */ = {isa = PBXBuildFile; fileRef = 42F8C0C01EA6A4EF00AFD4D4 /* Common.swift */; };
		42F8C0D21EA6A57F00AFD4D4 /* Common.swift in Sources */ = {isa = PBXBuildFile; fileRef = 42F8C0C01EA6A4EF00AFD4D4 /* Common.swift */; };
		42F8C0D41EA6A95600AFD4D4 /* Downloader.swift in Sources */ = {isa = PBXBuildFile; fileRef = 42F8C0D31EA6A95600AFD4D4 /* Downloader.swift */; };
		42F8C0D51EA6A95600AFD4D4 /* Downloader.swift in Sources */ = {isa = PBXBuildFile; fileRef = 42F8C0D31EA6A95600AFD4D4 /* Downloader.swift */; };
		42F92CEC1EA312BF0085DD0C /* MediaImageView.swift in Sources */ = {isa = PBXBuildFile; fileRef = 42F92CEB1EA312BF0085DD0C /* MediaImageView.swift */; };
		42F92CED1EA313540085DD0C /* MediaImageView.swift in Sources */ = {isa = PBXBuildFile; fileRef = 42F92CEB1EA312BF0085DD0C /* MediaImageView.swift */; };
		952AF8061DAB363D005E60C7 /* AppDelegate.swift in Sources */ = {isa = PBXBuildFile; fileRef = 952AF8051DAB363D005E60C7 /* AppDelegate.swift */; };
		952AF80B1DAB363D005E60C7 /* Main.storyboard in Resources */ = {isa = PBXBuildFile; fileRef = 952AF8091DAB363D005E60C7 /* Main.storyboard */; };
		952AF80D1DAB363D005E60C7 /* Assets.xcassets in Resources */ = {isa = PBXBuildFile; fileRef = 952AF80C1DAB363D005E60C7 /* Assets.xcassets */; };
/* End PBXBuildFile section */

/* Begin PBXContainerItemProxy section */
		420A006C1E31C6D400525DB0 /* PBXContainerItemProxy */ = {
			isa = PBXContainerItemProxy;
			containerPortal = 420A00611E31C6D400525DB0 /* Alamofire.xcodeproj */;
			proxyType = 2;
			remoteGlobalIDString = F8111E3319A95C8B0040E7D1;
			remoteInfo = "Alamofire iOS";
		};
		420A006E1E31C6D400525DB0 /* PBXContainerItemProxy */ = {
			isa = PBXContainerItemProxy;
			containerPortal = 420A00611E31C6D400525DB0 /* Alamofire.xcodeproj */;
			proxyType = 2;
			remoteGlobalIDString = F8111E3E19A95C8B0040E7D1;
			remoteInfo = "Alamofire iOS Tests";
		};
		420A00701E31C6D400525DB0 /* PBXContainerItemProxy */ = {
			isa = PBXContainerItemProxy;
			containerPortal = 420A00611E31C6D400525DB0 /* Alamofire.xcodeproj */;
			proxyType = 2;
			remoteGlobalIDString = 4DD67C0B1A5C55C900ED2280;
			remoteInfo = "Alamofire macOS";
		};
		420A00721E31C6D400525DB0 /* PBXContainerItemProxy */ = {
			isa = PBXContainerItemProxy;
			containerPortal = 420A00611E31C6D400525DB0 /* Alamofire.xcodeproj */;
			proxyType = 2;
			remoteGlobalIDString = F829C6B21A7A94F100A2CD59;
			remoteInfo = "Alamofire macOS Tests";
		};
		420A00741E31C6D400525DB0 /* PBXContainerItemProxy */ = {
			isa = PBXContainerItemProxy;
			containerPortal = 420A00611E31C6D400525DB0 /* Alamofire.xcodeproj */;
			proxyType = 2;
			remoteGlobalIDString = 4CF626EF1BA7CB3E0011A099;
			remoteInfo = "Alamofire tvOS";
		};
		420A00761E31C6D400525DB0 /* PBXContainerItemProxy */ = {
			isa = PBXContainerItemProxy;
			containerPortal = 420A00611E31C6D400525DB0 /* Alamofire.xcodeproj */;
			proxyType = 2;
			remoteGlobalIDString = 4CF626F81BA7CB3E0011A099;
			remoteInfo = "Alamofire tvOS Tests";
		};
		420A00781E31C6D400525DB0 /* PBXContainerItemProxy */ = {
			isa = PBXContainerItemProxy;
			containerPortal = 420A00611E31C6D400525DB0 /* Alamofire.xcodeproj */;
			proxyType = 2;
			remoteGlobalIDString = E4202FE01B667AA100C997FB;
			remoteInfo = "Alamofire watchOS";
		};
		420A007C1E31C7CF00525DB0 /* PBXContainerItemProxy */ = {
			isa = PBXContainerItemProxy;
			containerPortal = 420A00611E31C6D400525DB0 /* Alamofire.xcodeproj */;
			proxyType = 1;
			remoteGlobalIDString = F8111E3219A95C8B0040E7D1;
			remoteInfo = "Alamofire iOS";
		};
		427FFC701E3B1F470007159C /* PBXContainerItemProxy */ = {
			isa = PBXContainerItemProxy;
			containerPortal = 427FFC6A1E3B1F470007159C /* AlamofireNetworkActivityIndicator.xcodeproj */;
			proxyType = 2;
			remoteGlobalIDString = 4CB928391C66E1A600CE5F08;
			remoteInfo = AlamofireNetworkActivityIndicator;
		};
		427FFC721E3B1F470007159C /* PBXContainerItemProxy */ = {
			isa = PBXContainerItemProxy;
			containerPortal = 427FFC6A1E3B1F470007159C /* AlamofireNetworkActivityIndicator.xcodeproj */;
			proxyType = 2;
			remoteGlobalIDString = 4CB928431C66E1A700CE5F08;
			remoteInfo = AlamofireNetworkActivityIndicatorTests;
		};
		427FFC761E3B1F600007159C /* PBXContainerItemProxy */ = {
			isa = PBXContainerItemProxy;
			containerPortal = 427FFC6A1E3B1F470007159C /* AlamofireNetworkActivityIndicator.xcodeproj */;
			proxyType = 1;
			remoteGlobalIDString = 4CB928381C66E1A600CE5F08;
			remoteInfo = AlamofireNetworkActivityIndicator;
		};
		429991611E4DAEB90049608F /* PBXContainerItemProxy */ = {
			isa = PBXContainerItemProxy;
			containerPortal = 429991551E4DAEB90049608F /* AlamofireImage.xcodeproj */;
			proxyType = 2;
			remoteGlobalIDString = 4C9043771AABBFC5001B4E60;
			remoteInfo = "AlamofireImage iOS";
		};
		429991631E4DAEB90049608F /* PBXContainerItemProxy */ = {
			isa = PBXContainerItemProxy;
			containerPortal = 429991551E4DAEB90049608F /* AlamofireImage.xcodeproj */;
			proxyType = 2;
			remoteGlobalIDString = 4C9043821AABBFC5001B4E60;
			remoteInfo = "AlamofireImage iOS Tests";
		};
		429991651E4DAEB90049608F /* PBXContainerItemProxy */ = {
			isa = PBXContainerItemProxy;
			containerPortal = 429991551E4DAEB90049608F /* AlamofireImage.xcodeproj */;
			proxyType = 2;
			remoteGlobalIDString = 4CE611321AABC24E00D35044;
			remoteInfo = "AlamofireImage macOS";
		};
		429991671E4DAEB90049608F /* PBXContainerItemProxy */ = {
			isa = PBXContainerItemProxy;
			containerPortal = 429991551E4DAEB90049608F /* AlamofireImage.xcodeproj */;
			proxyType = 2;
			remoteGlobalIDString = 4CE611471AABC5C900D35044;
			remoteInfo = "AlamofireImage macOS Tests";
		};
		429991691E4DAEB90049608F /* PBXContainerItemProxy */ = {
			isa = PBXContainerItemProxy;
			containerPortal = 429991551E4DAEB90049608F /* AlamofireImage.xcodeproj */;
			proxyType = 2;
			remoteGlobalIDString = 4C16B37D1BA9399500A66EF0;
			remoteInfo = "AlamofireImage tvOS";
		};
		4299916B1E4DAEB90049608F /* PBXContainerItemProxy */ = {
			isa = PBXContainerItemProxy;
			containerPortal = 429991551E4DAEB90049608F /* AlamofireImage.xcodeproj */;
			proxyType = 2;
			remoteGlobalIDString = 4C16B3861BA9399500A66EF0;
			remoteInfo = "AlamofireImage tvOS Tests";
		};
		4299916D1E4DAEB90049608F /* PBXContainerItemProxy */ = {
			isa = PBXContainerItemProxy;
			containerPortal = 429991551E4DAEB90049608F /* AlamofireImage.xcodeproj */;
			proxyType = 2;
			remoteGlobalIDString = 4C4D4EC11B92976900C96855;
			remoteInfo = "AlamofireImage watchOS";
		};
		429991711E4DAF000049608F /* PBXContainerItemProxy */ = {
			isa = PBXContainerItemProxy;
			containerPortal = 429991551E4DAEB90049608F /* AlamofireImage.xcodeproj */;
			proxyType = 1;
			remoteGlobalIDString = 4C9043761AABBFC5001B4E60;
			remoteInfo = "AlamofireImage iOS";
		};
		42E13D921E8E46610016FA76 /* PBXContainerItemProxy */ = {
			isa = PBXContainerItemProxy;
			containerPortal = 420A00611E31C6D400525DB0 /* Alamofire.xcodeproj */;
			proxyType = 1;
			remoteGlobalIDString = F8111E3219A95C8B0040E7D1;
			remoteInfo = "Alamofire iOS";
		};
		42E13D941E8E46610016FA76 /* PBXContainerItemProxy */ = {
			isa = PBXContainerItemProxy;
			containerPortal = 427FFC6A1E3B1F470007159C /* AlamofireNetworkActivityIndicator.xcodeproj */;
			proxyType = 1;
			remoteGlobalIDString = 4CB928381C66E1A600CE5F08;
			remoteInfo = AlamofireNetworkActivityIndicator;
		};
		42E13D961E8E46610016FA76 /* PBXContainerItemProxy */ = {
			isa = PBXContainerItemProxy;
			containerPortal = 429991551E4DAEB90049608F /* AlamofireImage.xcodeproj */;
			proxyType = 1;
			remoteGlobalIDString = 4C9043761AABBFC5001B4E60;
			remoteInfo = "AlamofireImage iOS";
		};
/* End PBXContainerItemProxy section */

/* Begin PBXCopyFilesBuildPhase section */
		420A007E1E31C7CF00525DB0 /* Embed Frameworks */ = {
			isa = PBXCopyFilesBuildPhase;
			buildActionMask = 2147483647;
			dstPath = "";
			dstSubfolderSpec = 10;
			files = (
				429991701E4DAF000049608F /* AlamofireImage.framework in Embed Frameworks */,
				420A007B1E31C7CF00525DB0 /* Alamofire.framework in Embed Frameworks */,
				427FFC751E3B1F600007159C /* AlamofireNetworkActivityIndicator.framework in Embed Frameworks */,
			);
			name = "Embed Frameworks";
			runOnlyForDeploymentPostprocessing = 0;
		};
		42E13DD11E8E46610016FA76 /* Embed Frameworks */ = {
			isa = PBXCopyFilesBuildPhase;
			buildActionMask = 2147483647;
			dstPath = "";
			dstSubfolderSpec = 10;
			files = (
				42E13DD21E8E46610016FA76 /* AlamofireImage.framework in Embed Frameworks */,
				42E13DD31E8E46610016FA76 /* Alamofire.framework in Embed Frameworks */,
				42E13DD41E8E46610016FA76 /* AlamofireNetworkActivityIndicator.framework in Embed Frameworks */,
			);
			name = "Embed Frameworks";
			runOnlyForDeploymentPostprocessing = 0;
		};
/* End PBXCopyFilesBuildPhase section */

/* Begin PBXFileReference section */
		420A00611E31C6D400525DB0 /* Alamofire.xcodeproj */ = {isa = PBXFileReference; lastKnownFileType = "wrapper.pb-project"; name = Alamofire.xcodeproj; path = Alamofire/Alamofire.xcodeproj; sourceTree = "<group>"; };
		4217546D1E5530AD00620E69 /* MediaCaptionView.swift */ = {isa = PBXFileReference; fileEncoding = 4; lastKnownFileType = sourcecode.swift; name = MediaCaptionView.swift; path = Views/MediaCaptionView.swift; sourceTree = "<group>"; };
		421D0D1F1F78495A003A0A76 /* UITableView_ext.swift */ = {isa = PBXFileReference; lastKnownFileType = sourcecode.swift; name = UITableView_ext.swift; path = Extensions/UITableView_ext.swift; sourceTree = "<group>"; };
		422BEB671FA8541B0073BDF5 /* SwiftyDraw.swift */ = {isa = PBXFileReference; fileEncoding = 4; lastKnownFileType = sourcecode.swift; name = SwiftyDraw.swift; path = Vendor/SwiftyDraw.swift; sourceTree = "<group>"; };
		422BEB7A1FA855430073BDF5 /* TextCaptionView.swift */ = {isa = PBXFileReference; lastKnownFileType = sourcecode.swift; name = TextCaptionView.swift; path = Views/TextCaptionView.swift; sourceTree = "<group>"; };
		422BEB7D1FA8561F0073BDF5 /* DrawCaptionView.swift */ = {isa = PBXFileReference; lastKnownFileType = sourcecode.swift; name = DrawCaptionView.swift; path = Views/DrawCaptionView.swift; sourceTree = "<group>"; };
		4241B8171E4DB8F5003CA796 /* UIImage_ext.swift */ = {isa = PBXFileReference; fileEncoding = 4; lastKnownFileType = sourcecode.swift; name = UIImage_ext.swift; path = Extensions/UIImage_ext.swift; sourceTree = "<group>"; };
		4241B8191E4DC197003CA796 /* StoryView.swift */ = {isa = PBXFileReference; fileEncoding = 4; lastKnownFileType = sourcecode.swift; name = StoryView.swift; path = Views/StoryView.swift; sourceTree = "<group>"; };
		4241B81B1E4DC208003CA796 /* StoryView.xib */ = {isa = PBXFileReference; fileEncoding = 4; lastKnownFileType = file.xib; name = StoryView.xib; path = StoryBoards/StoryView.xib; sourceTree = "<group>"; };
		42502DEB1E9B4BD8009B7E2E /* UserNetworker.swift */ = {isa = PBXFileReference; fileEncoding = 4; lastKnownFileType = sourcecode.swift; name = UserNetworker.swift; path = Data/Networkers/UserNetworker.swift; sourceTree = "<group>"; };
		425398C51E497D5B00097934 /* Group.swift */ = {isa = PBXFileReference; fileEncoding = 4; lastKnownFileType = sourcecode.swift; name = Group.swift; path = Data/Models/Group.swift; sourceTree = "<group>"; };
		425398C71E4985AB00097934 /* SwiftyJSON.swift */ = {isa = PBXFileReference; fileEncoding = 4; lastKnownFileType = sourcecode.swift; name = SwiftyJSON.swift; path = Vendor/SwiftyJSON.swift; sourceTree = "<group>"; };
		425398C91E49923B00097934 /* SendGroupTV.swift */ = {isa = PBXFileReference; fileEncoding = 4; lastKnownFileType = sourcecode.swift; name = SendGroupTV.swift; path = "View Controllers/SendGroupTV.swift"; sourceTree = "<group>"; };
		4259F49F1EB1B8E200866D12 /* Enum.swift */ = {isa = PBXFileReference; fileEncoding = 4; lastKnownFileType = sourcecode.swift; name = Enum.swift; path = Vendor/FontAwesome/Enum.swift; sourceTree = "<group>"; };
		4259F4A01EB1B8E200866D12 /* FontAwesome.h */ = {isa = PBXFileReference; fileEncoding = 4; lastKnownFileType = sourcecode.c.h; name = FontAwesome.h; path = Vendor/FontAwesome/FontAwesome.h; sourceTree = "<group>"; };
		4259F4A11EB1B8E200866D12 /* FontAwesome.otf */ = {isa = PBXFileReference; lastKnownFileType = file; name = FontAwesome.otf; path = Vendor/FontAwesome/FontAwesome.otf; sourceTree = "<group>"; };
		4259F4A21EB1B8E200866D12 /* FontAwesome.swift */ = {isa = PBXFileReference; fileEncoding = 4; lastKnownFileType = sourcecode.swift; name = FontAwesome.swift; path = Vendor/FontAwesome/FontAwesome.swift; sourceTree = "<group>"; };
		4259F4A31EB1B8E200866D12 /* FontAwesomeView.swift */ = {isa = PBXFileReference; fileEncoding = 4; lastKnownFileType = sourcecode.swift; name = FontAwesomeView.swift; path = Vendor/FontAwesome/FontAwesomeView.swift; sourceTree = "<group>"; };
		425D40621E4330A600CBD8CB /* AddMarbleCodeVC.swift */ = {isa = PBXFileReference; fileEncoding = 4; lastKnownFileType = sourcecode.swift; name = AddMarbleCodeVC.swift; path = "View Controllers/AddMarbleCodeVC.swift"; sourceTree = "<group>"; };
		425D40641E4331EC00CBD8CB /* NumPlaceholderButton.swift */ = {isa = PBXFileReference; fileEncoding = 4; lastKnownFileType = sourcecode.swift; name = NumPlaceholderButton.swift; path = Views/NumPlaceholderButton.swift; sourceTree = "<group>"; };
		425F35791EB687530014F90F /* User.swift */ = {isa = PBXFileReference; fileEncoding = 4; lastKnownFileType = sourcecode.swift; name = User.swift; path = Data/Models/User.swift; sourceTree = "<group>"; };
		42623CBE1E3B0B5A0068D4FA /* AuthNetworker.swift */ = {isa = PBXFileReference; fileEncoding = 4; lastKnownFileType = sourcecode.swift; name = AuthNetworker.swift; path = Data/Networkers/AuthNetworker.swift; sourceTree = "<group>"; };
		42623CC01E3B0BE10068D4FA /* Networker.swift */ = {isa = PBXFileReference; fileEncoding = 4; lastKnownFileType = sourcecode.swift; name = Networker.swift; path = Data/Networkers/Networker.swift; sourceTree = "<group>"; };
		42651EA31EB879E4006BEF33 /* Marble.entitlements */ = {isa = PBXFileReference; lastKnownFileType = text.plist.entitlements; path = Marble.entitlements; sourceTree = "<group>"; };
		42665C6A1F78C5F4004BEA74 /* focus.gif */ = {isa = PBXFileReference; lastKnownFileType = image.gif; path = focus.gif; sourceTree = "<group>"; };
		426E24C91E4ABD6400F24992 /* Constants.swift */ = {isa = PBXFileReference; fileEncoding = 4; lastKnownFileType = sourcecode.swift; name = Constants.swift; path = Data/Constants.swift; sourceTree = "<group>"; };
		426FB0461E55A618000AFAF9 /* GroupTVCell.swift */ = {isa = PBXFileReference; fileEncoding = 4; lastKnownFileType = sourcecode.swift; name = GroupTVCell.swift; path = Views/GroupTVCell.swift; sourceTree = "<group>"; };
		427FFC6A1E3B1F470007159C /* AlamofireNetworkActivityIndicator.xcodeproj */ = {isa = PBXFileReference; lastKnownFileType = "wrapper.pb-project"; name = AlamofireNetworkActivityIndicator.xcodeproj; path = AlamofireNetworkActivityIndicator/AlamofireNetworkActivityIndicator.xcodeproj; sourceTree = "<group>"; };
		428CD7A71E8C788A00BEB5BA /* LaunchDEV.storyboard */ = {isa = PBXFileReference; fileEncoding = 4; lastKnownFileType = file.storyboard; name = LaunchDEV.storyboard; path = StoryBoards/LaunchDEV.storyboard; sourceTree = "<group>"; };
		4295B8A21E84C1880091C08B /* NoGroupsView.xib */ = {isa = PBXFileReference; fileEncoding = 4; lastKnownFileType = file.xib; name = NoGroupsView.xib; path = StoryBoards/NoGroupsView.xib; sourceTree = "<group>"; };
		4295B8A61E84C21E0091C08B /* NoGroupsView.swift */ = {isa = PBXFileReference; fileEncoding = 4; lastKnownFileType = sourcecode.swift; name = NoGroupsView.swift; path = Views/NoGroupsView.swift; sourceTree = "<group>"; };
		4295B8A81E84C2E70091C08B /* AddMarble.storyboard */ = {isa = PBXFileReference; fileEncoding = 4; lastKnownFileType = file.storyboard; name = AddMarble.storyboard; path = StoryBoards/AddMarble.storyboard; sourceTree = "<group>"; };
		429991441E4D4F9D0049608F /* SCLAlertView.swift */ = {isa = PBXFileReference; fileEncoding = 4; lastKnownFileType = sourcecode.swift; name = SCLAlertView.swift; path = Vendor/SCLAlertView/SCLAlertView.swift; sourceTree = "<group>"; };
		429991451E4D4F9D0049608F /* SCLExtensions.swift */ = {isa = PBXFileReference; fileEncoding = 4; lastKnownFileType = sourcecode.swift; name = SCLExtensions.swift; path = Vendor/SCLAlertView/SCLExtensions.swift; sourceTree = "<group>"; };
		4299914B1E4D55A20049608F /* State.swift */ = {isa = PBXFileReference; fileEncoding = 4; lastKnownFileType = sourcecode.swift; name = State.swift; path = Data/State/State.swift; sourceTree = "<group>"; };
		4299914D1E4D56CD0049608F /* Groups.swift */ = {isa = PBXFileReference; fileEncoding = 4; lastKnownFileType = sourcecode.swift; name = Groups.swift; path = Data/State/Groups.swift; sourceTree = "<group>"; };
		4299914F1E4DA0C90049608F /* StoryNetworker.swift */ = {isa = PBXFileReference; fileEncoding = 4; lastKnownFileType = sourcecode.swift; name = StoryNetworker.swift; path = Data/Networkers/StoryNetworker.swift; sourceTree = "<group>"; };
		429991511E4DA1860049608F /* Stories.swift */ = {isa = PBXFileReference; fileEncoding = 4; lastKnownFileType = sourcecode.swift; name = Stories.swift; path = Data/State/Stories.swift; sourceTree = "<group>"; };
		429991531E4DA1F20049608F /* Story.swift */ = {isa = PBXFileReference; fileEncoding = 4; lastKnownFileType = sourcecode.swift; name = Story.swift; path = Data/Models/Story.swift; sourceTree = "<group>"; };
		429991551E4DAEB90049608F /* AlamofireImage.xcodeproj */ = {isa = PBXFileReference; lastKnownFileType = "wrapper.pb-project"; name = AlamofireImage.xcodeproj; path = AlamofireImage/AlamofireImage.xcodeproj; sourceTree = "<group>"; };
		429AF4051E486C0800475461 /* CreateMarbleVC.swift */ = {isa = PBXFileReference; fileEncoding = 4; lastKnownFileType = sourcecode.swift; name = CreateMarbleVC.swift; path = "View Controllers/CreateMarbleVC.swift"; sourceTree = "<group>"; };
		429AF4101E48872600475461 /* GroupTVCell.xib */ = {isa = PBXFileReference; fileEncoding = 4; lastKnownFileType = file.xib; name = GroupTVCell.xib; path = StoryBoards/GroupTVCell.xib; sourceTree = "<group>"; };
		42A228BC1EAFE07300496392 /* CaptionView.xib */ = {isa = PBXFileReference; fileEncoding = 4; lastKnownFileType = file.xib; name = CaptionView.xib; path = StoryBoards/CaptionView.xib; sourceTree = "<group>"; };
		42A228CF1EAFE19D00496392 /* CaptionView.swift */ = {isa = PBXFileReference; fileEncoding = 4; lastKnownFileType = sourcecode.swift; name = CaptionView.swift; path = Views/CaptionView.swift; sourceTree = "<group>"; };
		42A228D21EAFE25500496392 /* Comment.swift */ = {isa = PBXFileReference; fileEncoding = 4; lastKnownFileType = sourcecode.swift; name = Comment.swift; path = Data/Models/Comment.swift; sourceTree = "<group>"; };
		42B52C0A1E9B773E006D831A /* Users.swift */ = {isa = PBXFileReference; fileEncoding = 4; lastKnownFileType = sourcecode.swift; name = Users.swift; path = Data/State/Users.swift; sourceTree = "<group>"; };
		42C62EC61E8E4D1000E042E9 /* Launch.storyboard */ = {isa = PBXFileReference; fileEncoding = 4; lastKnownFileType = file.storyboard; name = Launch.storyboard; path = StoryBoards/Launch.storyboard; sourceTree = "<group>"; };
		42CC20701E42FCCC00EC419A /* Left.storyboard */ = {isa = PBXFileReference; fileEncoding = 4; lastKnownFileType = file.storyboard; name = Left.storyboard; path = StoryBoards/Left.storyboard; sourceTree = "<group>"; };
		42CC20801E43238800EC419A /* NumberButton.swift */ = {isa = PBXFileReference; fileEncoding = 4; lastKnownFileType = sourcecode.swift; name = NumberButton.swift; path = Views/NumberButton.swift; sourceTree = "<group>"; };
		42D1F5B91E4453E200BBCE82 /* GroupNetworker.swift */ = {isa = PBXFileReference; fileEncoding = 4; lastKnownFileType = sourcecode.swift; name = GroupNetworker.swift; path = Data/Networkers/GroupNetworker.swift; sourceTree = "<group>"; };
		42D1F5C41E4460E100BBCE82 /* UIApplication_ext.swift */ = {isa = PBXFileReference; fileEncoding = 4; lastKnownFileType = sourcecode.swift; name = UIApplication_ext.swift; path = Extensions/UIApplication_ext.swift; sourceTree = "<group>"; };
		42D575871E37164C0094037D /* KeychainWrapper_ext.swift */ = {isa = PBXFileReference; fileEncoding = 4; lastKnownFileType = sourcecode.swift; name = KeychainWrapper_ext.swift; path = Extensions/KeychainWrapper_ext.swift; sourceTree = "<group>"; };
		42D575881E37164C0094037D /* Data_ext.swift */ = {isa = PBXFileReference; fileEncoding = 4; lastKnownFileType = sourcecode.swift; name = Data_ext.swift; path = Extensions/Data_ext.swift; sourceTree = "<group>"; };
		42D575891E37164C0094037D /* UIView_ext.swift */ = {isa = PBXFileReference; fileEncoding = 4; lastKnownFileType = sourcecode.swift; name = UIView_ext.swift; path = Extensions/UIView_ext.swift; sourceTree = "<group>"; };
		42D5758E1E3717ED0094037D /* KeychainItemAccessibility.swift */ = {isa = PBXFileReference; fileEncoding = 4; lastKnownFileType = sourcecode.swift; name = KeychainItemAccessibility.swift; path = Vendor/KeychainWrapper/KeychainItemAccessibility.swift; sourceTree = "<group>"; };
		42D5758F1E3717ED0094037D /* KeychainWrapper.swift */ = {isa = PBXFileReference; fileEncoding = 4; lastKnownFileType = sourcecode.swift; name = KeychainWrapper.swift; path = Vendor/KeychainWrapper/KeychainWrapper.swift; sourceTree = "<group>"; };
		42D575951E371F0E0094037D /* Auth.storyboard */ = {isa = PBXFileReference; fileEncoding = 4; lastKnownFileType = file.storyboard; name = Auth.storyboard; path = StoryBoards/Auth.storyboard; sourceTree = "<group>"; };
		42D575961E371F0E0094037D /* ViewPickDest.xib */ = {isa = PBXFileReference; fileEncoding = 4; lastKnownFileType = file.xib; name = ViewPickDest.xib; path = StoryBoards/ViewPickDest.xib; sourceTree = "<group>"; };
		42D575971E371F0E0094037D /* ViewRight.xib */ = {isa = PBXFileReference; fileEncoding = 4; lastKnownFileType = file.xib; name = ViewRight.xib; path = StoryBoards/ViewRight.xib; sourceTree = "<group>"; };
		42D5759E1E371F220094037D /* ViewPickDest.swift */ = {isa = PBXFileReference; fileEncoding = 4; lastKnownFileType = sourcecode.swift; name = ViewPickDest.swift; path = "View Controllers/ViewPickDest.swift"; sourceTree = "<group>"; };
		42D5759F1E371F220094037D /* ViewController.swift */ = {isa = PBXFileReference; fileEncoding = 4; lastKnownFileType = sourcecode.swift; name = ViewController.swift; path = "View Controllers/ViewController.swift"; sourceTree = "<group>"; };
		42D575A01E371F220094037D /* ViewRight.swift */ = {isa = PBXFileReference; fileEncoding = 4; lastKnownFileType = sourcecode.swift; name = ViewRight.swift; path = "View Controllers/ViewRight.swift"; sourceTree = "<group>"; };
		42D575A11E371F220094037D /* ViewLeft.swift */ = {isa = PBXFileReference; fileEncoding = 4; lastKnownFileType = sourcecode.swift; name = ViewLeft.swift; path = "View Controllers/ViewLeft.swift"; sourceTree = "<group>"; };
		42D575A61E3720440094037D /* AuthViewController.swift */ = {isa = PBXFileReference; fileEncoding = 4; lastKnownFileType = sourcecode.swift; name = AuthViewController.swift; path = "View Controllers/AuthViewController.swift"; sourceTree = "<group>"; };
		42E13D8A1E8DE4DA0016FA76 /* AuthSignUpVC.swift */ = {isa = PBXFileReference; fileEncoding = 4; lastKnownFileType = sourcecode.swift; name = AuthSignUpVC.swift; path = "View Controllers/AuthSignUpVC.swift"; sourceTree = "<group>"; };
		42E13D8C1E8DF2340016FA76 /* AuthLoginVC.swift */ = {isa = PBXFileReference; fileEncoding = 4; lastKnownFileType = sourcecode.swift; name = AuthLoginVC.swift; path = "View Controllers/AuthLoginVC.swift"; sourceTree = "<group>"; };
		42E13DD81E8E46610016FA76 /* Marble Dev.app */ = {isa = PBXFileReference; explicitFileType = wrapper.application; includeInIndex = 0; path = "Marble Dev.app"; sourceTree = BUILT_PRODUCTS_DIR; };
		42E13DDC1E8E4B4B0016FA76 /* Info-Dev.plist */ = {isa = PBXFileReference; fileEncoding = 4; lastKnownFileType = text.plist.xml; path = "Info-Dev.plist"; sourceTree = "<group>"; };
		42F11AC81E405602005BFE0E /* UploadNetworker.swift */ = {isa = PBXFileReference; fileEncoding = 4; lastKnownFileType = sourcecode.swift; name = UploadNetworker.swift; path = Data/Networkers/UploadNetworker.swift; sourceTree = "<group>"; };
		42F2CBE71F71DC220042F691 /* SwiftyCamViewControllerDelegate.swift */ = {isa = PBXFileReference; fileEncoding = 4; lastKnownFileType = sourcecode.swift; name = SwiftyCamViewControllerDelegate.swift; path = Vendor/SwiftyCam/SwiftyCamViewControllerDelegate.swift; sourceTree = "<group>"; };
		42F2CBE81F71DC220042F691 /* Orientation.swift */ = {isa = PBXFileReference; fileEncoding = 4; lastKnownFileType = sourcecode.swift; name = Orientation.swift; path = Vendor/SwiftyCam/Orientation.swift; sourceTree = "<group>"; };
		42F2CBE91F71DC220042F691 /* PreviewView.swift */ = {isa = PBXFileReference; fileEncoding = 4; lastKnownFileType = sourcecode.swift; name = PreviewView.swift; path = Vendor/SwiftyCam/PreviewView.swift; sourceTree = "<group>"; };
		42F2CBEA1F71DC220042F691 /* SwiftyCamViewController.swift */ = {isa = PBXFileReference; fileEncoding = 4; lastKnownFileType = sourcecode.swift; name = SwiftyCamViewController.swift; path = Vendor/SwiftyCam/SwiftyCamViewController.swift; sourceTree = "<group>"; };
		42F2CBEB1F71DC220042F691 /* SwiftyCamButton.swift */ = {isa = PBXFileReference; fileEncoding = 4; lastKnownFileType = sourcecode.swift; name = SwiftyCamButton.swift; path = Vendor/SwiftyCam/SwiftyCamButton.swift; sourceTree = "<group>"; };
		42F3EABD1F80CD4B004D799D /* SwiftyGifManager.swift */ = {isa = PBXFileReference; fileEncoding = 4; lastKnownFileType = sourcecode.swift; name = SwiftyGifManager.swift; path = Vendor/SwiftyGif/SwiftyGifManager.swift; sourceTree = "<group>"; };
		42F3EABE1F80CD4B004D799D /* UIImage+SwiftyGif.swift */ = {isa = PBXFileReference; fileEncoding = 4; lastKnownFileType = sourcecode.swift; name = "UIImage+SwiftyGif.swift"; path = "Vendor/SwiftyGif/UIImage+SwiftyGif.swift"; sourceTree = "<group>"; };
		42F3EABF1F80CD4C004D799D /* UIImageView+SwiftyGif.swift */ = {isa = PBXFileReference; fileEncoding = 4; lastKnownFileType = sourcecode.swift; name = "UIImageView+SwiftyGif.swift"; path = "Vendor/SwiftyGif/UIImageView+SwiftyGif.swift"; sourceTree = "<group>"; };
		42F3EAC71F8773C2004D799D /* GroupCollectionCell.xib */ = {isa = PBXFileReference; lastKnownFileType = file.xib; name = GroupCollectionCell.xib; path = StoryBoards/GroupCollectionCell.xib; sourceTree = "<group>"; };
		42F3EACC1F877404004D799D /* GroupCollectionCell.swift */ = {isa = PBXFileReference; fileEncoding = 4; lastKnownFileType = sourcecode.swift; name = GroupCollectionCell.swift; path = Views/GroupCollectionCell.swift; sourceTree = "<group>"; };
		42F7906B1E39C7B500D3B2AF /* Router.swift */ = {isa = PBXFileReference; fileEncoding = 4; lastKnownFileType = sourcecode.swift; name = Router.swift; path = Data/Router.swift; sourceTree = "<group>"; };
		42F8C0C01EA6A4EF00AFD4D4 /* Common.swift */ = {isa = PBXFileReference; fileEncoding = 4; lastKnownFileType = sourcecode.swift; name = Common.swift; path = Data/Common.swift; sourceTree = "<group>"; };
		42F8C0D31EA6A95600AFD4D4 /* Downloader.swift */ = {isa = PBXFileReference; fileEncoding = 4; lastKnownFileType = sourcecode.swift; name = Downloader.swift; path = Data/Networkers/Downloader.swift; sourceTree = "<group>"; };
		42F92CEB1EA312BF0085DD0C /* MediaImageView.swift */ = {isa = PBXFileReference; fileEncoding = 4; lastKnownFileType = sourcecode.swift; name = MediaImageView.swift; path = Views/MediaImageView.swift; sourceTree = "<group>"; };
		952AF8021DAB363D005E60C7 /* Marble.app */ = {isa = PBXFileReference; explicitFileType = wrapper.application; includeInIndex = 0; path = Marble.app; sourceTree = BUILT_PRODUCTS_DIR; };
		952AF8051DAB363D005E60C7 /* AppDelegate.swift */ = {isa = PBXFileReference; lastKnownFileType = sourcecode.swift; path = AppDelegate.swift; sourceTree = "<group>"; };
		952AF80A1DAB363D005E60C7 /* Base */ = {isa = PBXFileReference; lastKnownFileType = file.storyboard; name = Base; path = Base.lproj/Main.storyboard; sourceTree = "<group>"; };
		952AF80C1DAB363D005E60C7 /* Assets.xcassets */ = {isa = PBXFileReference; lastKnownFileType = folder.assetcatalog; path = Assets.xcassets; sourceTree = "<group>"; };
		952AF8111DAB363D005E60C7 /* Info.plist */ = {isa = PBXFileReference; lastKnownFileType = text.plist.xml; path = Info.plist; sourceTree = "<group>"; };
/* End PBXFileReference section */

/* Begin PBXFrameworksBuildPhase section */
		42E13DC01E8E46610016FA76 /* Frameworks */ = {
			isa = PBXFrameworksBuildPhase;
			buildActionMask = 2147483647;
			files = (
				42E13DC11E8E46610016FA76 /* AlamofireImage.framework in Frameworks */,
				42E13DC21E8E46610016FA76 /* Alamofire.framework in Frameworks */,
				42E13DC31E8E46610016FA76 /* AlamofireNetworkActivityIndicator.framework in Frameworks */,
			);
			runOnlyForDeploymentPostprocessing = 0;
		};
		952AF7FF1DAB363D005E60C7 /* Frameworks */ = {
			isa = PBXFrameworksBuildPhase;
			buildActionMask = 2147483647;
			files = (
				4299916F1E4DAF000049608F /* AlamofireImage.framework in Frameworks */,
				420A007A1E31C7CF00525DB0 /* Alamofire.framework in Frameworks */,
				427FFC741E3B1F600007159C /* AlamofireNetworkActivityIndicator.framework in Frameworks */,
			);
			runOnlyForDeploymentPostprocessing = 0;
		};
/* End PBXFrameworksBuildPhase section */

/* Begin PBXGroup section */
		4203A1291F6E06DB0094ED3A /* Delegates */ = {
			isa = PBXGroup;
			children = (
			);
			name = Delegates;
			sourceTree = "<group>";
		};
		420A00621E31C6D400525DB0 /* Products */ = {
			isa = PBXGroup;
			children = (
				420A006D1E31C6D400525DB0 /* Alamofire.framework */,
				420A006F1E31C6D400525DB0 /* Alamofire iOS Tests.xctest */,
				420A00711E31C6D400525DB0 /* Alamofire.framework */,
				420A00731E31C6D400525DB0 /* Alamofire macOS Tests.xctest */,
				420A00751E31C6D400525DB0 /* Alamofire.framework */,
				420A00771E31C6D400525DB0 /* Alamofire tvOS Tests.xctest */,
				420A00791E31C6D400525DB0 /* Alamofire.framework */,
			);
			name = Products;
			sourceTree = "<group>";
		};
		425398BB1E497D3E00097934 /* Models */ = {
			isa = PBXGroup;
			children = (
				425398C51E497D5B00097934 /* Group.swift */,
				429991531E4DA1F20049608F /* Story.swift */,
				42A228D21EAFE25500496392 /* Comment.swift */,
				425F35791EB687530014F90F /* User.swift */,
			);
			name = Models;
			sourceTree = "<group>";
		};
		4259F48E1EB1B8D600866D12 /* FontAwesome */ = {
			isa = PBXGroup;
			children = (
				4259F49F1EB1B8E200866D12 /* Enum.swift */,
				4259F4A01EB1B8E200866D12 /* FontAwesome.h */,
				4259F4A11EB1B8E200866D12 /* FontAwesome.otf */,
				4259F4A21EB1B8E200866D12 /* FontAwesome.swift */,
				4259F4A31EB1B8E200866D12 /* FontAwesomeView.swift */,
			);
			name = FontAwesome;
			sourceTree = "<group>";
		};
		42623CB41E3B0A570068D4FA /* Networkers */ = {
			isa = PBXGroup;
			children = (
				42623CBE1E3B0B5A0068D4FA /* AuthNetworker.swift */,
				42623CC01E3B0BE10068D4FA /* Networker.swift */,
				42F11AC81E405602005BFE0E /* UploadNetworker.swift */,
				42D1F5B91E4453E200BBCE82 /* GroupNetworker.swift */,
				4299914F1E4DA0C90049608F /* StoryNetworker.swift */,
				42502DEB1E9B4BD8009B7E2E /* UserNetworker.swift */,
				42F8C0D31EA6A95600AFD4D4 /* Downloader.swift */,
			);
			name = Networkers;
			sourceTree = "<group>";
		};
		42665C581F78BF51004BEA74 /* Gifs */ = {
			isa = PBXGroup;
			children = (
				42665C6A1F78C5F4004BEA74 /* focus.gif */,
			);
			path = Gifs;
			sourceTree = "<group>";
		};
		427FFC6B1E3B1F470007159C /* Products */ = {
			isa = PBXGroup;
			children = (
				427FFC711E3B1F470007159C /* AlamofireNetworkActivityIndicator.framework */,
				427FFC731E3B1F470007159C /* AlamofireNetworkActivityIndicatorTests.xctest */,
			);
			name = Products;
			sourceTree = "<group>";
		};
		4299913A1E4D4F900049608F /* SCLAlertView */ = {
			isa = PBXGroup;
			children = (
				429991441E4D4F9D0049608F /* SCLAlertView.swift */,
				429991451E4D4F9D0049608F /* SCLExtensions.swift */,
			);
			name = SCLAlertView;
			sourceTree = "<group>";
		};
		429991481E4D554C0049608F /* State */ = {
			isa = PBXGroup;
			children = (
				4299914B1E4D55A20049608F /* State.swift */,
				4299914D1E4D56CD0049608F /* Groups.swift */,
				429991511E4DA1860049608F /* Stories.swift */,
				42B52C0A1E9B773E006D831A /* Users.swift */,
			);
			name = State;
			sourceTree = "<group>";
		};
		429991561E4DAEB90049608F /* Products */ = {
			isa = PBXGroup;
			children = (
				429991621E4DAEB90049608F /* AlamofireImage.framework */,
				429991641E4DAEB90049608F /* AlamofireImage iOS Tests.xctest */,
				429991661E4DAEB90049608F /* AlamofireImage.framework */,
				429991681E4DAEB90049608F /* AlamofireImage macOS Tests.xctest */,
				4299916A1E4DAEB90049608F /* AlamofireImage.framework */,
				4299916C1E4DAEB90049608F /* AlamofireImage tvOS Tests.xctest */,
				4299916E1E4DAEB90049608F /* AlamofireImage.framework */,
			);
			name = Products;
			sourceTree = "<group>";
		};
		42CC207F1E43235B00EC419A /* Views */ = {
			isa = PBXGroup;
			children = (
				42F3EACC1F877404004D799D /* GroupCollectionCell.swift */,
				426FB0461E55A618000AFAF9 /* GroupTVCell.swift */,
				4217546D1E5530AD00620E69 /* MediaCaptionView.swift */,
				42F92CEB1EA312BF0085DD0C /* MediaImageView.swift */,
				42CC20801E43238800EC419A /* NumberButton.swift */,
				425D40641E4331EC00CBD8CB /* NumPlaceholderButton.swift */,
				4241B8191E4DC197003CA796 /* StoryView.swift */,
				4295B8A61E84C21E0091C08B /* NoGroupsView.swift */,
				42A228CF1EAFE19D00496392 /* CaptionView.swift */,
				422BEB7A1FA855430073BDF5 /* TextCaptionView.swift */,
				422BEB7D1FA8561F0073BDF5 /* DrawCaptionView.swift */,
			);
			name = Views;
			sourceTree = "<group>";
		};
		42D575811E3716110094037D /* Extensions */ = {
			isa = PBXGroup;
			children = (
				42D575871E37164C0094037D /* KeychainWrapper_ext.swift */,
				42D575881E37164C0094037D /* Data_ext.swift */,
				42D575891E37164C0094037D /* UIView_ext.swift */,
				42D1F5C41E4460E100BBCE82 /* UIApplication_ext.swift */,
				4241B8171E4DB8F5003CA796 /* UIImage_ext.swift */,
				421D0D1F1F78495A003A0A76 /* UITableView_ext.swift */,
			);
			name = Extensions;
			sourceTree = "<group>";
		};
		42D575821E37161A0094037D /* Vendor */ = {
			isa = PBXGroup;
			children = (
				422BEB671FA8541B0073BDF5 /* SwiftyDraw.swift */,
				42F3EABC1F80CD3F004D799D /* SwiftyGif */,
				42F2CBCE1F71DB9E0042F691 /* SwiftyCam */,
				4259F48E1EB1B8D600866D12 /* FontAwesome */,
				4299913A1E4D4F900049608F /* SCLAlertView */,
				425398C71E4985AB00097934 /* SwiftyJSON.swift */,
				42D5758D1E3717DD0094037D /* KeychainWrapper */,
			);
			name = Vendor;
			sourceTree = "<group>";
		};
		42D5758D1E3717DD0094037D /* KeychainWrapper */ = {
			isa = PBXGroup;
			children = (
				42D5758E1E3717ED0094037D /* KeychainItemAccessibility.swift */,
				42D5758F1E3717ED0094037D /* KeychainWrapper.swift */,
			);
			name = KeychainWrapper;
			sourceTree = "<group>";
		};
		42D575921E3719A90094037D /* Storyboards */ = {
			isa = PBXGroup;
			children = (
				42C62EC61E8E4D1000E042E9 /* Launch.storyboard */,
				428CD7A71E8C788A00BEB5BA /* LaunchDEV.storyboard */,
				42D575951E371F0E0094037D /* Auth.storyboard */,
				42D575961E371F0E0094037D /* ViewPickDest.xib */,
				42D575971E371F0E0094037D /* ViewRight.xib */,
				952AF8091DAB363D005E60C7 /* Main.storyboard */,
				42CC20701E42FCCC00EC419A /* Left.storyboard */,
				429AF4101E48872600475461 /* GroupTVCell.xib */,
				4241B81B1E4DC208003CA796 /* StoryView.xib */,
				4295B8A21E84C1880091C08B /* NoGroupsView.xib */,
				4295B8A81E84C2E70091C08B /* AddMarble.storyboard */,
				42A228BC1EAFE07300496392 /* CaptionView.xib */,
				42F3EAC71F8773C2004D799D /* GroupCollectionCell.xib */,
			);
			name = Storyboards;
			sourceTree = "<group>";
		};
		42D5759D1E371F150094037D /* View Controllers */ = {
			isa = PBXGroup;
			children = (
				42D575A61E3720440094037D /* AuthViewController.swift */,
				42E13D8C1E8DF2340016FA76 /* AuthLoginVC.swift */,
				42E13D8A1E8DE4DA0016FA76 /* AuthSignUpVC.swift */,
				425398C91E49923B00097934 /* SendGroupTV.swift */,
				42D5759E1E371F220094037D /* ViewPickDest.swift */,
				42D5759F1E371F220094037D /* ViewController.swift */,
				42D575A01E371F220094037D /* ViewRight.swift */,
				42D575A11E371F220094037D /* ViewLeft.swift */,
				425D40621E4330A600CBD8CB /* AddMarbleCodeVC.swift */,
				429AF4051E486C0800475461 /* CreateMarbleVC.swift */,
			);
			name = "View Controllers";
			sourceTree = "<group>";
		};
		42F2CBCE1F71DB9E0042F691 /* SwiftyCam */ = {
			isa = PBXGroup;
			children = (
				42F2CBE81F71DC220042F691 /* Orientation.swift */,
				42F2CBE91F71DC220042F691 /* PreviewView.swift */,
				42F2CBEB1F71DC220042F691 /* SwiftyCamButton.swift */,
				42F2CBEA1F71DC220042F691 /* SwiftyCamViewController.swift */,
				42F2CBE71F71DC220042F691 /* SwiftyCamViewControllerDelegate.swift */,
			);
			name = SwiftyCam;
			sourceTree = "<group>";
		};
		42F3EABC1F80CD3F004D799D /* SwiftyGif */ = {
			isa = PBXGroup;
			children = (
				42F3EABD1F80CD4B004D799D /* SwiftyGifManager.swift */,
				42F3EABE1F80CD4B004D799D /* UIImage+SwiftyGif.swift */,
				42F3EABF1F80CD4C004D799D /* UIImageView+SwiftyGif.swift */,
			);
			name = SwiftyGif;
			sourceTree = "<group>";
		};
		42F790631E39C78500D3B2AF /* Data */ = {
			isa = PBXGroup;
			children = (
				429991481E4D554C0049608F /* State */,
				425398BB1E497D3E00097934 /* Models */,
				42623CB41E3B0A570068D4FA /* Networkers */,
				42F7906B1E39C7B500D3B2AF /* Router.swift */,
				426E24C91E4ABD6400F24992 /* Constants.swift */,
				42F8C0C01EA6A4EF00AFD4D4 /* Common.swift */,
			);
			name = Data;
			sourceTree = "<group>";
		};
		952AF7F91DAB363D005E60C7 = {
			isa = PBXGroup;
			children = (
				952AF8041DAB363D005E60C7 /* Marble */,
				952AF8031DAB363D005E60C7 /* Products */,
				429991551E4DAEB90049608F /* AlamofireImage.xcodeproj */,
				427FFC6A1E3B1F470007159C /* AlamofireNetworkActivityIndicator.xcodeproj */,
				420A00611E31C6D400525DB0 /* Alamofire.xcodeproj */,
			);
			sourceTree = "<group>";
		};
		952AF8031DAB363D005E60C7 /* Products */ = {
			isa = PBXGroup;
			children = (
				952AF8021DAB363D005E60C7 /* Marble.app */,
				42E13DD81E8E46610016FA76 /* Marble Dev.app */,
			);
			name = Products;
			sourceTree = "<group>";
		};
		952AF8041DAB363D005E60C7 /* Marble */ = {
			isa = PBXGroup;
			children = (
				4203A1291F6E06DB0094ED3A /* Delegates */,
				42651EA31EB879E4006BEF33 /* Marble.entitlements */,
				42F790631E39C78500D3B2AF /* Data */,
				42CC207F1E43235B00EC419A /* Views */,
				42D5759D1E371F150094037D /* View Controllers */,
				42D575921E3719A90094037D /* Storyboards */,
				42D575821E37161A0094037D /* Vendor */,
				42D575811E3716110094037D /* Extensions */,
				952AF8051DAB363D005E60C7 /* AppDelegate.swift */,
				42665C581F78BF51004BEA74 /* Gifs */,
				952AF80C1DAB363D005E60C7 /* Assets.xcassets */,
				952AF8111DAB363D005E60C7 /* Info.plist */,
				42E13DDC1E8E4B4B0016FA76 /* Info-Dev.plist */,
			);
			path = Marble;
			sourceTree = "<group>";
		};
/* End PBXGroup section */

/* Begin PBXNativeTarget section */
		42E13D901E8E46610016FA76 /* Marble Dev */ = {
			isa = PBXNativeTarget;
			buildConfigurationList = 42E13DD51E8E46610016FA76 /* Build configuration list for PBXNativeTarget "Marble Dev" */;
			buildPhases = (
				42E13D971E8E46610016FA76 /* Sources */,
				42E13DC01E8E46610016FA76 /* Frameworks */,
				42E13DC41E8E46610016FA76 /* Resources */,
				42E13DD11E8E46610016FA76 /* Embed Frameworks */,
			);
			buildRules = (
			);
			dependencies = (
				42E13D911E8E46610016FA76 /* PBXTargetDependency */,
				42E13D931E8E46610016FA76 /* PBXTargetDependency */,
				42E13D951E8E46610016FA76 /* PBXTargetDependency */,
			);
			name = "Marble Dev";
			productName = Marble;
			productReference = 42E13DD81E8E46610016FA76 /* Marble Dev.app */;
			productType = "com.apple.product-type.application";
		};
		952AF8011DAB363D005E60C7 /* Marble */ = {
			isa = PBXNativeTarget;
			buildConfigurationList = 952AF8141DAB363D005E60C7 /* Build configuration list for PBXNativeTarget "Marble" */;
			buildPhases = (
				952AF7FE1DAB363D005E60C7 /* Sources */,
				952AF7FF1DAB363D005E60C7 /* Frameworks */,
				952AF8001DAB363D005E60C7 /* Resources */,
				420A007E1E31C7CF00525DB0 /* Embed Frameworks */,
			);
			buildRules = (
			);
			dependencies = (
				420A007D1E31C7CF00525DB0 /* PBXTargetDependency */,
				427FFC771E3B1F600007159C /* PBXTargetDependency */,
				429991721E4DAF000049608F /* PBXTargetDependency */,
			);
			name = Marble;
			productName = Marble;
			productReference = 952AF8021DAB363D005E60C7 /* Marble.app */;
			productType = "com.apple.product-type.application";
		};
/* End PBXNativeTarget section */

/* Begin PBXProject section */
		952AF7FA1DAB363D005E60C7 /* Project object */ = {
			isa = PBXProject;
			attributes = {
				LastSwiftUpdateCheck = 0800;
				LastUpgradeCheck = 0900;
				ORGANIZATIONNAME = "Marble, LLC.";
				TargetAttributes = {
					42E13D901E8E46610016FA76 = {
						DevelopmentTeam = UE4AVLL9FF;
						SystemCapabilities = {
							com.apple.Push = {
								enabled = 0;
							};
						};
					};
					952AF8011DAB363D005E60C7 = {
						CreatedOnToolsVersion = 8.0;
						DevelopmentTeam = UE4AVLL9FF;
						LastSwiftMigration = 0900;
						ProvisioningStyle = Automatic;
						SystemCapabilities = {
							com.apple.BackgroundModes = {
								enabled = 0;
							};
							com.apple.Push = {
								enabled = 1;
							};
						};
					};
				};
			};
			buildConfigurationList = 952AF7FD1DAB363D005E60C7 /* Build configuration list for PBXProject "Marble" */;
			compatibilityVersion = "Xcode 3.2";
			developmentRegion = English;
			hasScannedForEncodings = 0;
			knownRegions = (
				en,
				Base,
			);
			mainGroup = 952AF7F91DAB363D005E60C7;
			productRefGroup = 952AF8031DAB363D005E60C7 /* Products */;
			projectDirPath = "";
			projectReferences = (
				{
					ProductGroup = 420A00621E31C6D400525DB0 /* Products */;
					ProjectRef = 420A00611E31C6D400525DB0 /* Alamofire.xcodeproj */;
				},
				{
					ProductGroup = 429991561E4DAEB90049608F /* Products */;
					ProjectRef = 429991551E4DAEB90049608F /* AlamofireImage.xcodeproj */;
				},
				{
					ProductGroup = 427FFC6B1E3B1F470007159C /* Products */;
					ProjectRef = 427FFC6A1E3B1F470007159C /* AlamofireNetworkActivityIndicator.xcodeproj */;
				},
			);
			projectRoot = "";
			targets = (
				952AF8011DAB363D005E60C7 /* Marble */,
				42E13D901E8E46610016FA76 /* Marble Dev */,
			);
		};
/* End PBXProject section */

/* Begin PBXReferenceProxy section */
		420A006D1E31C6D400525DB0 /* Alamofire.framework */ = {
			isa = PBXReferenceProxy;
			fileType = wrapper.framework;
			path = Alamofire.framework;
			remoteRef = 420A006C1E31C6D400525DB0 /* PBXContainerItemProxy */;
			sourceTree = BUILT_PRODUCTS_DIR;
		};
		420A006F1E31C6D400525DB0 /* Alamofire iOS Tests.xctest */ = {
			isa = PBXReferenceProxy;
			fileType = wrapper.cfbundle;
			path = "Alamofire iOS Tests.xctest";
			remoteRef = 420A006E1E31C6D400525DB0 /* PBXContainerItemProxy */;
			sourceTree = BUILT_PRODUCTS_DIR;
		};
		420A00711E31C6D400525DB0 /* Alamofire.framework */ = {
			isa = PBXReferenceProxy;
			fileType = wrapper.framework;
			path = Alamofire.framework;
			remoteRef = 420A00701E31C6D400525DB0 /* PBXContainerItemProxy */;
			sourceTree = BUILT_PRODUCTS_DIR;
		};
		420A00731E31C6D400525DB0 /* Alamofire macOS Tests.xctest */ = {
			isa = PBXReferenceProxy;
			fileType = wrapper.cfbundle;
			path = "Alamofire macOS Tests.xctest";
			remoteRef = 420A00721E31C6D400525DB0 /* PBXContainerItemProxy */;
			sourceTree = BUILT_PRODUCTS_DIR;
		};
		420A00751E31C6D400525DB0 /* Alamofire.framework */ = {
			isa = PBXReferenceProxy;
			fileType = wrapper.framework;
			path = Alamofire.framework;
			remoteRef = 420A00741E31C6D400525DB0 /* PBXContainerItemProxy */;
			sourceTree = BUILT_PRODUCTS_DIR;
		};
		420A00771E31C6D400525DB0 /* Alamofire tvOS Tests.xctest */ = {
			isa = PBXReferenceProxy;
			fileType = wrapper.cfbundle;
			path = "Alamofire tvOS Tests.xctest";
			remoteRef = 420A00761E31C6D400525DB0 /* PBXContainerItemProxy */;
			sourceTree = BUILT_PRODUCTS_DIR;
		};
		420A00791E31C6D400525DB0 /* Alamofire.framework */ = {
			isa = PBXReferenceProxy;
			fileType = wrapper.framework;
			path = Alamofire.framework;
			remoteRef = 420A00781E31C6D400525DB0 /* PBXContainerItemProxy */;
			sourceTree = BUILT_PRODUCTS_DIR;
		};
		427FFC711E3B1F470007159C /* AlamofireNetworkActivityIndicator.framework */ = {
			isa = PBXReferenceProxy;
			fileType = wrapper.framework;
			path = AlamofireNetworkActivityIndicator.framework;
			remoteRef = 427FFC701E3B1F470007159C /* PBXContainerItemProxy */;
			sourceTree = BUILT_PRODUCTS_DIR;
		};
		427FFC731E3B1F470007159C /* AlamofireNetworkActivityIndicatorTests.xctest */ = {
			isa = PBXReferenceProxy;
			fileType = wrapper.cfbundle;
			path = AlamofireNetworkActivityIndicatorTests.xctest;
			remoteRef = 427FFC721E3B1F470007159C /* PBXContainerItemProxy */;
			sourceTree = BUILT_PRODUCTS_DIR;
		};
		429991621E4DAEB90049608F /* AlamofireImage.framework */ = {
			isa = PBXReferenceProxy;
			fileType = wrapper.framework;
			path = AlamofireImage.framework;
			remoteRef = 429991611E4DAEB90049608F /* PBXContainerItemProxy */;
			sourceTree = BUILT_PRODUCTS_DIR;
		};
		429991641E4DAEB90049608F /* AlamofireImage iOS Tests.xctest */ = {
			isa = PBXReferenceProxy;
			fileType = wrapper.cfbundle;
			path = "AlamofireImage iOS Tests.xctest";
			remoteRef = 429991631E4DAEB90049608F /* PBXContainerItemProxy */;
			sourceTree = BUILT_PRODUCTS_DIR;
		};
		429991661E4DAEB90049608F /* AlamofireImage.framework */ = {
			isa = PBXReferenceProxy;
			fileType = wrapper.framework;
			path = AlamofireImage.framework;
			remoteRef = 429991651E4DAEB90049608F /* PBXContainerItemProxy */;
			sourceTree = BUILT_PRODUCTS_DIR;
		};
		429991681E4DAEB90049608F /* AlamofireImage macOS Tests.xctest */ = {
			isa = PBXReferenceProxy;
			fileType = wrapper.cfbundle;
			path = "AlamofireImage macOS Tests.xctest";
			remoteRef = 429991671E4DAEB90049608F /* PBXContainerItemProxy */;
			sourceTree = BUILT_PRODUCTS_DIR;
		};
		4299916A1E4DAEB90049608F /* AlamofireImage.framework */ = {
			isa = PBXReferenceProxy;
			fileType = wrapper.framework;
			path = AlamofireImage.framework;
			remoteRef = 429991691E4DAEB90049608F /* PBXContainerItemProxy */;
			sourceTree = BUILT_PRODUCTS_DIR;
		};
		4299916C1E4DAEB90049608F /* AlamofireImage tvOS Tests.xctest */ = {
			isa = PBXReferenceProxy;
			fileType = wrapper.cfbundle;
			path = "AlamofireImage tvOS Tests.xctest";
			remoteRef = 4299916B1E4DAEB90049608F /* PBXContainerItemProxy */;
			sourceTree = BUILT_PRODUCTS_DIR;
		};
		4299916E1E4DAEB90049608F /* AlamofireImage.framework */ = {
			isa = PBXReferenceProxy;
			fileType = wrapper.framework;
			path = AlamofireImage.framework;
			remoteRef = 4299916D1E4DAEB90049608F /* PBXContainerItemProxy */;
			sourceTree = BUILT_PRODUCTS_DIR;
		};
/* End PBXReferenceProxy section */

/* Begin PBXResourcesBuildPhase section */
		42E13DC41E8E46610016FA76 /* Resources */ = {
			isa = PBXResourcesBuildPhase;
			buildActionMask = 2147483647;
			files = (
				42AECD441FA29B5100AA1B3F /* focus.gif in Resources */,
				42E13DC51E8E46610016FA76 /* Auth.storyboard in Resources */,
				42E13DC61E8E46610016FA76 /* Left.storyboard in Resources */,
				42E13DC71E8E46610016FA76 /* ViewRight.xib in Resources */,
				42E13DC81E8E46610016FA76 /* GroupTVCell.xib in Resources */,
				42E13DC91E8E46610016FA76 /* ViewPickDest.xib in Resources */,
				42E13DCB1E8E46610016FA76 /* Assets.xcassets in Resources */,
				42E13DCC1E8E46610016FA76 /* NoGroupsView.xib in Resources */,
				42E13DCD1E8E46610016FA76 /* Main.storyboard in Resources */,
				42E13DCE1E8E46610016FA76 /* LaunchDEV.storyboard in Resources */,
				42A228BE1EAFE07300496392 /* CaptionView.xib in Resources */,
				42E13DCF1E8E46610016FA76 /* AddMarble.storyboard in Resources */,
				42E13DD01E8E46610016FA76 /* StoryView.xib in Resources */,
				425F35731EB1BA4A0014F90F /* FontAwesome.otf in Resources */,
				42F3EACB1F8773C2004D799D /* GroupCollectionCell.xib in Resources */,
			);
			runOnlyForDeploymentPostprocessing = 0;
		};
		952AF8001DAB363D005E60C7 /* Resources */ = {
			isa = PBXResourcesBuildPhase;
			buildActionMask = 2147483647;
			files = (
				42D575991E371F0E0094037D /* Auth.storyboard in Resources */,
				42CC20711E42FCCC00EC419A /* Left.storyboard in Resources */,
				42D5759B1E371F0E0094037D /* ViewRight.xib in Resources */,
				42F3EACA1F8773C2004D799D /* GroupCollectionCell.xib in Resources */,
				429AF4121E48872600475461 /* GroupTVCell.xib in Resources */,
				42D5759A1E371F0E0094037D /* ViewPickDest.xib in Resources */,
				952AF80D1DAB363D005E60C7 /* Assets.xcassets in Resources */,
				42E13DDD1E8E4B4B0016FA76 /* Info-Dev.plist in Resources */,
				42A228BD1EAFE07300496392 /* CaptionView.xib in Resources */,
				42C62EC71E8E4D1000E042E9 /* Launch.storyboard in Resources */,
				4295B8A31E84C1880091C08B /* NoGroupsView.xib in Resources */,
				952AF80B1DAB363D005E60C7 /* Main.storyboard in Resources */,
				4259F4A51EB1B8E200866D12 /* FontAwesome.otf in Resources */,
				428CD7A81E8C788A00BEB5BA /* LaunchDEV.storyboard in Resources */,
				42665C6B1F78C5F4004BEA74 /* focus.gif in Resources */,
				4295B8A91E84C2E70091C08B /* AddMarble.storyboard in Resources */,
				4241B81C1E4DC208003CA796 /* StoryView.xib in Resources */,
			);
			runOnlyForDeploymentPostprocessing = 0;
		};
/* End PBXResourcesBuildPhase section */

/* Begin PBXSourcesBuildPhase section */
		42E13D971E8E46610016FA76 /* Sources */ = {
			isa = PBXSourcesBuildPhase;
			buildActionMask = 2147483647;
			files = (
				42E13D981E8E46610016FA76 /* AuthSignUpVC.swift in Sources */,
				42A228D41EAFE25500496392 /* Comment.swift in Sources */,
				42E13D991E8E46610016FA76 /* AddMarbleCodeVC.swift in Sources */,
				42E13D9A1E8E46610016FA76 /* SCLExtensions.swift in Sources */,
				4247F5FD1F983A7A00552518 /* UIImage+SwiftyGif.swift in Sources */,
				42E13D9B1E8E46610016FA76 /* NoGroupsView.swift in Sources */,
				42F8C0D21EA6A57F00AFD4D4 /* Common.swift in Sources */,
				42F8C0D51EA6A95600AFD4D4 /* Downloader.swift in Sources */,
				42E13D9C1E8E46610016FA76 /* AuthNetworker.swift in Sources */,
				421D0D211F78495A003A0A76 /* UITableView_ext.swift in Sources */,
				428AED4C1F802D8100F2C450 /* PreviewView.swift in Sources */,
				42E13D9D1E8E46610016FA76 /* Story.swift in Sources */,
				42E13D9E1E8E46610016FA76 /* UIImage_ext.swift in Sources */,
				42F92CED1EA313540085DD0C /* MediaImageView.swift in Sources */,
				42E13D9F1E8E46610016FA76 /* Group.swift in Sources */,
				42E13DA01E8E46610016FA76 /* Networker.swift in Sources */,
				422BEB791FA8541F0073BDF5 /* SwiftyDraw.swift in Sources */,
				42E13DA11E8E46610016FA76 /* MediaCaptionView.swift in Sources */,
				42E13DA31E8E46610016FA76 /* AuthLoginVC.swift in Sources */,
				42E13DA41E8E46610016FA76 /* AuthViewController.swift in Sources */,
				42E13DA51E8E46610016FA76 /* State.swift in Sources */,
				42F3EACE1F877405004D799D /* GroupCollectionCell.swift in Sources */,
				42E13DA61E8E46610016FA76 /* CreateMarbleVC.swift in Sources */,
				428AED4D1F802D8100F2C450 /* SwiftyCamButton.swift in Sources */,
				42E13DA71E8E46610016FA76 /* Groups.swift in Sources */,
				42A228D11EAFE19D00496392 /* CaptionView.swift in Sources */,
				42E13DA81E8E46610016FA76 /* AppDelegate.swift in Sources */,
				42E13DA91E8E46610016FA76 /* UIView_ext.swift in Sources */,
				42E13DAA1E8E46610016FA76 /* ViewPickDest.swift in Sources */,
				42E13DAB1E8E46610016FA76 /* GroupTVCell.swift in Sources */,
				42E13DAC1E8E46610016FA76 /* SwiftyJSON.swift in Sources */,
				425F35741EB1BA520014F90F /* FontAwesome.swift in Sources */,
				425F35621EB1BA440014F90F /* Enum.swift in Sources */,
				42E13DAD1E8E46610016FA76 /* NumberButton.swift in Sources */,
				428AED4B1F802D8100F2C450 /* Orientation.swift in Sources */,
				428AED4E1F802D8100F2C450 /* SwiftyCamViewController.swift in Sources */,
				4247F5FC1F983A7700552518 /* SwiftyGifManager.swift in Sources */,
				42E13DAE1E8E46610016FA76 /* Router.swift in Sources */,
				42E13DAF1E8E46610016FA76 /* StoryNetworker.swift in Sources */,
				42E13DB01E8E46610016FA76 /* KeychainItemAccessibility.swift in Sources */,
				42E13DB11E8E46610016FA76 /* Data_ext.swift in Sources */,
				42E13DB21E8E46610016FA76 /* ViewLeft.swift in Sources */,
				422BEB7C1FA855430073BDF5 /* TextCaptionView.swift in Sources */,
				42E13DB31E8E46610016FA76 /* UIApplication_ext.swift in Sources */,
				42E13DB41E8E46610016FA76 /* GroupNetworker.swift in Sources */,
				42B52BF91E9B6A40006D831A /* UserNetworker.swift in Sources */,
				42E13DB51E8E46610016FA76 /* UploadNetworker.swift in Sources */,
				422BEB7F1FA8561F0073BDF5 /* DrawCaptionView.swift in Sources */,
				42E13DB61E8E46610016FA76 /* KeychainWrapper_ext.swift in Sources */,
				42E13DB71E8E46610016FA76 /* StoryView.swift in Sources */,
				42E13DB81E8E46610016FA76 /* SendGroupTV.swift in Sources */,
				428AED4A1F802D7C00F2C450 /* SwiftyCamViewControllerDelegate.swift in Sources */,
				425F357B1EB687530014F90F /* User.swift in Sources */,
				425F35751EB1BA540014F90F /* FontAwesomeView.swift in Sources */,
				4247F5FE1F983A7C00552518 /* UIImageView+SwiftyGif.swift in Sources */,
				42B52C0C1E9B773E006D831A /* Users.swift in Sources */,
				42E13DB91E8E46610016FA76 /* NumPlaceholderButton.swift in Sources */,
				42E13DBA1E8E46610016FA76 /* Stories.swift in Sources */,
				42E13DBB1E8E46610016FA76 /* ViewRight.swift in Sources */,
				42E13DBC1E8E46610016FA76 /* ViewController.swift in Sources */,
				42E13DBD1E8E46610016FA76 /* KeychainWrapper.swift in Sources */,
				42E13DBE1E8E46610016FA76 /* SCLAlertView.swift in Sources */,
				42E13DBF1E8E46610016FA76 /* Constants.swift in Sources */,
			);
			runOnlyForDeploymentPostprocessing = 0;
		};
		952AF7FE1DAB363D005E60C7 /* Sources */ = {
			isa = PBXSourcesBuildPhase;
			buildActionMask = 2147483647;
			files = (
				42E13D8B1E8DE4DA0016FA76 /* AuthSignUpVC.swift in Sources */,
				42F2CBEC1F71DC220042F691 /* SwiftyCamViewControllerDelegate.swift in Sources */,
				42A228D31EAFE25500496392 /* Comment.swift in Sources */,
				42F3EACD1F877405004D799D /* GroupCollectionCell.swift in Sources */,
				425D40631E4330A600CBD8CB /* AddMarbleCodeVC.swift in Sources */,
				429991471E4D4F9D0049608F /* SCLExtensions.swift in Sources */,
				4295B8A71E84C21E0091C08B /* NoGroupsView.swift in Sources */,
				42F8C0C11EA6A4EF00AFD4D4 /* Common.swift in Sources */,
				42F8C0D41EA6A95600AFD4D4 /* Downloader.swift in Sources */,
				42623CBF1E3B0B5A0068D4FA /* AuthNetworker.swift in Sources */,
				429991541E4DA1F20049608F /* Story.swift in Sources */,
				4241B8181E4DB8F5003CA796 /* UIImage_ext.swift in Sources */,
				42F92CEC1EA312BF0085DD0C /* MediaImageView.swift in Sources */,
				425398C61E497D5B00097934 /* Group.swift in Sources */,
				42623CC11E3B0BE10068D4FA /* Networker.swift in Sources */,
				4217546E1E5530AD00620E69 /* MediaCaptionView.swift in Sources */,
				422BEB781FA8541B0073BDF5 /* SwiftyDraw.swift in Sources */,
				42E13D8D1E8DF2340016FA76 /* AuthLoginVC.swift in Sources */,
				42D575A71E3720440094037D /* AuthViewController.swift in Sources */,
				4299914C1E4D55A20049608F /* State.swift in Sources */,
				429AF4061E486C0800475461 /* CreateMarbleVC.swift in Sources */,
				4299914E1E4D56CD0049608F /* Groups.swift in Sources */,
				42F2CBF01F71DC220042F691 /* SwiftyCamButton.swift in Sources */,
				42A228D01EAFE19D00496392 /* CaptionView.swift in Sources */,
				952AF8061DAB363D005E60C7 /* AppDelegate.swift in Sources */,
				42D5758C1E37164C0094037D /* UIView_ext.swift in Sources */,
				42F2CBEE1F71DC220042F691 /* PreviewView.swift in Sources */,
				42D575A21E371F220094037D /* ViewPickDest.swift in Sources */,
				426FB0471E55A618000AFAF9 /* GroupTVCell.swift in Sources */,
				425398C81E4985AB00097934 /* SwiftyJSON.swift in Sources */,
				4259F4A61EB1B8E200866D12 /* FontAwesome.swift in Sources */,
				42F2CBEF1F71DC220042F691 /* SwiftyCamViewController.swift in Sources */,
				4259F4A41EB1B8E200866D12 /* Enum.swift in Sources */,
				42CC20811E43238800EC419A /* NumberButton.swift in Sources */,
				42F3EAC11F80CD4C004D799D /* UIImage+SwiftyGif.swift in Sources */,
				42F7906C1E39C7B500D3B2AF /* Router.swift in Sources */,
				429991501E4DA0C90049608F /* StoryNetworker.swift in Sources */,
				42D575901E3717ED0094037D /* KeychainItemAccessibility.swift in Sources */,
				42D5758B1E37164C0094037D /* Data_ext.swift in Sources */,
				42D575A51E371F220094037D /* ViewLeft.swift in Sources */,
				42D1F5C51E4460E100BBCE82 /* UIApplication_ext.swift in Sources */,
				42D1F5BA1E4453E200BBCE82 /* GroupNetworker.swift in Sources */,
				422BEB7B1FA855430073BDF5 /* TextCaptionView.swift in Sources */,
				42502DEC1E9B4BD8009B7E2E /* UserNetworker.swift in Sources */,
				42F11AC91E405602005BFE0E /* UploadNetworker.swift in Sources */,
				42D5758A1E37164C0094037D /* KeychainWrapper_ext.swift in Sources */,
				4241B81A1E4DC197003CA796 /* StoryView.swift in Sources */,
				422BEB7E1FA8561F0073BDF5 /* DrawCaptionView.swift in Sources */,
				425398CA1E49923B00097934 /* SendGroupTV.swift in Sources */,
				425F357A1EB687530014F90F /* User.swift in Sources */,
				4259F4A71EB1B8E200866D12 /* FontAwesomeView.swift in Sources */,
				42B52C0B1E9B773E006D831A /* Users.swift in Sources */,
				425D40651E4331EC00CBD8CB /* NumPlaceholderButton.swift in Sources */,
				429991521E4DA1860049608F /* Stories.swift in Sources */,
				42F3EAC21F80CD4C004D799D /* UIImageView+SwiftyGif.swift in Sources */,
				42D575A41E371F220094037D /* ViewRight.swift in Sources */,
				42F3EAC01F80CD4C004D799D /* SwiftyGifManager.swift in Sources */,
				42D575A31E371F220094037D /* ViewController.swift in Sources */,
				42D575911E3717ED0094037D /* KeychainWrapper.swift in Sources */,
				429991461E4D4F9D0049608F /* SCLAlertView.swift in Sources */,
				42F2CBED1F71DC220042F691 /* Orientation.swift in Sources */,
				426E24CA1E4ABD6400F24992 /* Constants.swift in Sources */,
				421D0D201F78495A003A0A76 /* UITableView_ext.swift in Sources */,
			);
			runOnlyForDeploymentPostprocessing = 0;
		};
/* End PBXSourcesBuildPhase section */

/* Begin PBXTargetDependency section */
		420A007D1E31C7CF00525DB0 /* PBXTargetDependency */ = {
			isa = PBXTargetDependency;
			name = "Alamofire iOS";
			targetProxy = 420A007C1E31C7CF00525DB0 /* PBXContainerItemProxy */;
		};
		427FFC771E3B1F600007159C /* PBXTargetDependency */ = {
			isa = PBXTargetDependency;
			name = AlamofireNetworkActivityIndicator;
			targetProxy = 427FFC761E3B1F600007159C /* PBXContainerItemProxy */;
		};
		429991721E4DAF000049608F /* PBXTargetDependency */ = {
			isa = PBXTargetDependency;
			name = "AlamofireImage iOS";
			targetProxy = 429991711E4DAF000049608F /* PBXContainerItemProxy */;
		};
		42E13D911E8E46610016FA76 /* PBXTargetDependency */ = {
			isa = PBXTargetDependency;
			name = "Alamofire iOS";
			targetProxy = 42E13D921E8E46610016FA76 /* PBXContainerItemProxy */;
		};
		42E13D931E8E46610016FA76 /* PBXTargetDependency */ = {
			isa = PBXTargetDependency;
			name = AlamofireNetworkActivityIndicator;
			targetProxy = 42E13D941E8E46610016FA76 /* PBXContainerItemProxy */;
		};
		42E13D951E8E46610016FA76 /* PBXTargetDependency */ = {
			isa = PBXTargetDependency;
			name = "AlamofireImage iOS";
			targetProxy = 42E13D961E8E46610016FA76 /* PBXContainerItemProxy */;
		};
/* End PBXTargetDependency section */

/* Begin PBXVariantGroup section */
		952AF8091DAB363D005E60C7 /* Main.storyboard */ = {
			isa = PBXVariantGroup;
			children = (
				952AF80A1DAB363D005E60C7 /* Base */,
			);
			name = Main.storyboard;
			sourceTree = "<group>";
		};
/* End PBXVariantGroup section */

/* Begin XCBuildConfiguration section */
		42E13DD61E8E46610016FA76 /* Debug */ = {
			isa = XCBuildConfiguration;
			buildSettings = {
				ALWAYS_EMBED_SWIFT_STANDARD_LIBRARIES = YES;
				ASSETCATALOG_COMPILER_APPICON_NAME = AppIcon;
				DEVELOPMENT_TEAM = UE4AVLL9FF;
				INFOPLIST_FILE = "Marble/Info-Dev.plist";
				IPHONEOS_DEPLOYMENT_TARGET = 10.0;
				LD_RUNPATH_SEARCH_PATHS = "$(inherited) @executable_path/Frameworks";
				OTHER_SWIFT_FLAGS = "-DDEV";
				PRODUCT_BUNDLE_IDENTIFIER = "com.amarbleapp.marble-dev";
				PRODUCT_NAME = "$(TARGET_NAME)";
				SWIFT_VERSION = 4.0;
				TARGETED_DEVICE_FAMILY = 1;
			};
			name = Debug;
		};
		42E13DD71E8E46610016FA76 /* Release */ = {
			isa = XCBuildConfiguration;
			buildSettings = {
				ALWAYS_EMBED_SWIFT_STANDARD_LIBRARIES = YES;
				ASSETCATALOG_COMPILER_APPICON_NAME = AppIcon;
				DEVELOPMENT_TEAM = UE4AVLL9FF;
				INFOPLIST_FILE = "Marble/Info-Dev.plist";
				IPHONEOS_DEPLOYMENT_TARGET = 10.0;
				LD_RUNPATH_SEARCH_PATHS = "$(inherited) @executable_path/Frameworks";
				OTHER_SWIFT_FLAGS = "-DDEV";
				PRODUCT_BUNDLE_IDENTIFIER = "com.amarbleapp.marble-dev";
				PRODUCT_NAME = "$(TARGET_NAME)";
				SWIFT_VERSION = 4.0;
				TARGETED_DEVICE_FAMILY = 1;
			};
			name = Release;
		};
		952AF8121DAB363D005E60C7 /* Debug */ = {
			isa = XCBuildConfiguration;
			buildSettings = {
				ALWAYS_SEARCH_USER_PATHS = NO;
				CLANG_ANALYZER_NONNULL = YES;
				CLANG_CXX_LANGUAGE_STANDARD = "gnu++0x";
				CLANG_CXX_LIBRARY = "libc++";
				CLANG_ENABLE_MODULES = YES;
				CLANG_ENABLE_OBJC_ARC = YES;
				CLANG_WARN_BLOCK_CAPTURE_AUTORELEASING = YES;
				CLANG_WARN_BOOL_CONVERSION = YES;
				CLANG_WARN_COMMA = YES;
				CLANG_WARN_CONSTANT_CONVERSION = YES;
				CLANG_WARN_DIRECT_OBJC_ISA_USAGE = YES_ERROR;
				CLANG_WARN_DOCUMENTATION_COMMENTS = YES;
				CLANG_WARN_EMPTY_BODY = YES;
				CLANG_WARN_ENUM_CONVERSION = YES;
				CLANG_WARN_INFINITE_RECURSION = YES;
				CLANG_WARN_INT_CONVERSION = YES;
				CLANG_WARN_NON_LITERAL_NULL_CONVERSION = YES;
				CLANG_WARN_OBJC_LITERAL_CONVERSION = YES;
				CLANG_WARN_OBJC_ROOT_CLASS = YES_ERROR;
				CLANG_WARN_RANGE_LOOP_ANALYSIS = YES;
				CLANG_WARN_STRICT_PROTOTYPES = YES;
				CLANG_WARN_SUSPICIOUS_MOVE = YES;
				CLANG_WARN_SUSPICIOUS_MOVES = YES;
				CLANG_WARN_UNREACHABLE_CODE = YES;
				CLANG_WARN__DUPLICATE_METHOD_MATCH = YES;
				"CODE_SIGN_IDENTITY[sdk=iphoneos*]" = "iPhone Developer";
				COPY_PHASE_STRIP = NO;
				DEBUG_INFORMATION_FORMAT = dwarf;
				ENABLE_STRICT_OBJC_MSGSEND = YES;
				ENABLE_TESTABILITY = YES;
				GCC_C_LANGUAGE_STANDARD = gnu99;
				GCC_DYNAMIC_NO_PIC = NO;
				GCC_NO_COMMON_BLOCKS = YES;
				GCC_OPTIMIZATION_LEVEL = 0;
				GCC_PREPROCESSOR_DEFINITIONS = (
					"DEBUG=1",
					"$(inherited)",
				);
				GCC_WARN_64_TO_32_BIT_CONVERSION = YES;
				GCC_WARN_ABOUT_RETURN_TYPE = YES_ERROR;
				GCC_WARN_UNDECLARED_SELECTOR = YES;
				GCC_WARN_UNINITIALIZED_AUTOS = YES_AGGRESSIVE;
				GCC_WARN_UNUSED_FUNCTION = YES;
				GCC_WARN_UNUSED_VARIABLE = YES;
				IPHONEOS_DEPLOYMENT_TARGET = 10.0;
				MTL_ENABLE_DEBUG_INFO = YES;
				ONLY_ACTIVE_ARCH = YES;
				SDKROOT = iphoneos;
				SWIFT_ACTIVE_COMPILATION_CONDITIONS = DEBUG;
				SWIFT_OPTIMIZATION_LEVEL = "-Onone";
				TARGETED_DEVICE_FAMILY = "1,2";
			};
			name = Debug;
		};
		952AF8131DAB363D005E60C7 /* Release */ = {
			isa = XCBuildConfiguration;
			buildSettings = {
				ALWAYS_SEARCH_USER_PATHS = NO;
				CLANG_ANALYZER_NONNULL = YES;
				CLANG_CXX_LANGUAGE_STANDARD = "gnu++0x";
				CLANG_CXX_LIBRARY = "libc++";
				CLANG_ENABLE_MODULES = YES;
				CLANG_ENABLE_OBJC_ARC = YES;
				CLANG_WARN_BLOCK_CAPTURE_AUTORELEASING = YES;
				CLANG_WARN_BOOL_CONVERSION = YES;
				CLANG_WARN_COMMA = YES;
				CLANG_WARN_CONSTANT_CONVERSION = YES;
				CLANG_WARN_DIRECT_OBJC_ISA_USAGE = YES_ERROR;
				CLANG_WARN_DOCUMENTATION_COMMENTS = YES;
				CLANG_WARN_EMPTY_BODY = YES;
				CLANG_WARN_ENUM_CONVERSION = YES;
				CLANG_WARN_INFINITE_RECURSION = YES;
				CLANG_WARN_INT_CONVERSION = YES;
				CLANG_WARN_NON_LITERAL_NULL_CONVERSION = YES;
				CLANG_WARN_OBJC_LITERAL_CONVERSION = YES;
				CLANG_WARN_OBJC_ROOT_CLASS = YES_ERROR;
				CLANG_WARN_RANGE_LOOP_ANALYSIS = YES;
				CLANG_WARN_STRICT_PROTOTYPES = YES;
				CLANG_WARN_SUSPICIOUS_MOVE = YES;
				CLANG_WARN_SUSPICIOUS_MOVES = YES;
				CLANG_WARN_UNREACHABLE_CODE = YES;
				CLANG_WARN__DUPLICATE_METHOD_MATCH = YES;
				"CODE_SIGN_IDENTITY[sdk=iphoneos*]" = "iPhone Developer";
				COPY_PHASE_STRIP = NO;
				DEBUG_INFORMATION_FORMAT = "dwarf-with-dsym";
				ENABLE_NS_ASSERTIONS = NO;
				ENABLE_STRICT_OBJC_MSGSEND = YES;
				GCC_C_LANGUAGE_STANDARD = gnu99;
				GCC_NO_COMMON_BLOCKS = YES;
				GCC_WARN_64_TO_32_BIT_CONVERSION = YES;
				GCC_WARN_ABOUT_RETURN_TYPE = YES_ERROR;
				GCC_WARN_UNDECLARED_SELECTOR = YES;
				GCC_WARN_UNINITIALIZED_AUTOS = YES_AGGRESSIVE;
				GCC_WARN_UNUSED_FUNCTION = YES;
				GCC_WARN_UNUSED_VARIABLE = YES;
				IPHONEOS_DEPLOYMENT_TARGET = 10.0;
				MTL_ENABLE_DEBUG_INFO = NO;
				SDKROOT = iphoneos;
				SWIFT_OPTIMIZATION_LEVEL = "-Owholemodule";
				TARGETED_DEVICE_FAMILY = "1,2";
				VALIDATE_PRODUCT = YES;
			};
			name = Release;
		};
		952AF8151DAB363D005E60C7 /* Debug */ = {
			isa = XCBuildConfiguration;
			buildSettings = {
				ALWAYS_EMBED_SWIFT_STANDARD_LIBRARIES = YES;
				ASSETCATALOG_COMPILER_APPICON_NAME = AppIcon;
				CODE_SIGN_ENTITLEMENTS = Marble/Marble.entitlements;
				DEVELOPMENT_TEAM = UE4AVLL9FF;
				INFOPLIST_FILE = Marble/Info.plist;
				IPHONEOS_DEPLOYMENT_TARGET = 10.0;
				LD_RUNPATH_SEARCH_PATHS = "$(inherited) @executable_path/Frameworks";
				OTHER_SWIFT_FLAGS = "";
				PRODUCT_BUNDLE_IDENTIFIER = com.amarbleapp.marble;
				PRODUCT_NAME = "$(TARGET_NAME)";
				SWIFT_SWIFT3_OBJC_INFERENCE = On;
				SWIFT_VERSION = 4.0;
				TARGETED_DEVICE_FAMILY = 1;
			};
			name = Debug;
		};
		952AF8161DAB363D005E60C7 /* Release */ = {
			isa = XCBuildConfiguration;
			buildSettings = {
				ALWAYS_EMBED_SWIFT_STANDARD_LIBRARIES = YES;
				ASSETCATALOG_COMPILER_APPICON_NAME = AppIcon;
				CODE_SIGN_ENTITLEMENTS = Marble/Marble.entitlements;
				DEVELOPMENT_TEAM = UE4AVLL9FF;
				INFOPLIST_FILE = Marble/Info.plist;
				IPHONEOS_DEPLOYMENT_TARGET = 10.0;
				LD_RUNPATH_SEARCH_PATHS = "$(inherited) @executable_path/Frameworks";
				OTHER_SWIFT_FLAGS = "";
				PRODUCT_BUNDLE_IDENTIFIER = com.amarbleapp.marble;
				PRODUCT_NAME = "$(TARGET_NAME)";
				SWIFT_SWIFT3_OBJC_INFERENCE = On;
				SWIFT_VERSION = 4.0;
				TARGETED_DEVICE_FAMILY = 1;
			};
			name = Release;
		};
/* End XCBuildConfiguration section */

/* Begin XCConfigurationList section */
		42E13DD51E8E46610016FA76 /* Build configuration list for PBXNativeTarget "Marble Dev" */ = {
			isa = XCConfigurationList;
			buildConfigurations = (
				42E13DD61E8E46610016FA76 /* Debug */,
				42E13DD71E8E46610016FA76 /* Release */,
			);
			defaultConfigurationIsVisible = 0;
			defaultConfigurationName = Release;
		};
		952AF7FD1DAB363D005E60C7 /* Build configuration list for PBXProject "Marble" */ = {
			isa = XCConfigurationList;
			buildConfigurations = (
				952AF8121DAB363D005E60C7 /* Debug */,
				952AF8131DAB363D005E60C7 /* Release */,
			);
			defaultConfigurationIsVisible = 0;
			defaultConfigurationName = Release;
		};
		952AF8141DAB363D005E60C7 /* Build configuration list for PBXNativeTarget "Marble" */ = {
			isa = XCConfigurationList;
			buildConfigurations = (
				952AF8151DAB363D005E60C7 /* Debug */,
				952AF8161DAB363D005E60C7 /* Release */,
			);
			defaultConfigurationIsVisible = 0;
			defaultConfigurationName = Release;
		};
/* End XCConfigurationList section */
	};
	rootObject = 952AF7FA1DAB363D005E60C7 /* Project object */;
}
